// !$*UTF8*$!
{
	archiveVersion = 1;
	classes = {
	};
	objectVersion = 46;
	objects = {

/* Begin PBXBuildFile section */
		6E6A9ABBA176B834C3AD3331 /* libPods-gushici.a in Frameworks */ = {isa = PBXBuildFile; fileRef = ED8D547B01B79F5D740D2BCD /* libPods-gushici.a */; };
		B715FEAC1F8916140041ED5D /* GSBaseTableViewController.m in Sources */ = {isa = PBXBuildFile; fileRef = B715FEAB1F8916140041ED5D /* GSBaseTableViewController.m */; };
		B715FEDA1F891C5B0041ED5D /* NSBundle+PYSearchExtension.m in Sources */ = {isa = PBXBuildFile; fileRef = B715FECD1F891BB40041ED5D /* NSBundle+PYSearchExtension.m */; };
		B715FEDB1F891C5B0041ED5D /* PYSearchConst.m in Sources */ = {isa = PBXBuildFile; fileRef = B715FED11F891BB40041ED5D /* PYSearchConst.m */; };
		B715FEDC1F891C5B0041ED5D /* PYSearchSuggestionViewController.m in Sources */ = {isa = PBXBuildFile; fileRef = B715FED31F891BB40041ED5D /* PYSearchSuggestionViewController.m */; };
		B715FEDD1F891C5B0041ED5D /* PYSearchViewController.m in Sources */ = {isa = PBXBuildFile; fileRef = B715FED51F891BB40041ED5D /* PYSearchViewController.m */; };
		B715FEDE1F891C5B0041ED5D /* UIColor+PYSearchExtension.m in Sources */ = {isa = PBXBuildFile; fileRef = B715FED71F891BB40041ED5D /* UIColor+PYSearchExtension.m */; };
		B715FEDF1F891C5B0041ED5D /* UIView+PYSearchExtension.m in Sources */ = {isa = PBXBuildFile; fileRef = B715FED91F891BB40041ED5D /* UIView+PYSearchExtension.m */; };
		B715FEE01F891CD60041ED5D /* PYSearch.bundle in Resources */ = {isa = PBXBuildFile; fileRef = B715FECE1F891BB40041ED5D /* PYSearch.bundle */; };
		B721FF2D1E51F416006546E5 /* GSDetailController.m in Sources */ = {isa = PBXBuildFile; fileRef = B721FF2C1E51F416006546E5 /* GSDetailController.m */; };
		B721FF301E51FA31006546E5 /* GSBaseNavController.m in Sources */ = {isa = PBXBuildFile; fileRef = B721FF2F1E51FA31006546E5 /* GSBaseNavController.m */; };
		B721FF3B1E51FE56006546E5 /* GSDetailContent.xib in Resources */ = {isa = PBXBuildFile; fileRef = B721FF3A1E51FE56006546E5 /* GSDetailContent.xib */; };
		B721FF3E1E520B63006546E5 /* GSDetailContent.m in Sources */ = {isa = PBXBuildFile; fileRef = B721FF3D1E520B63006546E5 /* GSDetailContent.m */; };
		B72653031E52CF8600D6CA5F /* RemarksCellHeightModel.m in Sources */ = {isa = PBXBuildFile; fileRef = B72652FE1E52CF8600D6CA5F /* RemarksCellHeightModel.m */; };
		B72653041E52CF8600D6CA5F /* RemarksTableViewCell.m in Sources */ = {isa = PBXBuildFile; fileRef = B72653011E52CF8600D6CA5F /* RemarksTableViewCell.m */; };
		B726530A1E52DAD700D6CA5F /* NSObject+BoboHUD.m in Sources */ = {isa = PBXBuildFile; fileRef = B72653071E52DAD700D6CA5F /* NSObject+BoboHUD.m */; };
		B726530B1E52DAD700D6CA5F /* UIViewController+SLHUD.m in Sources */ = {isa = PBXBuildFile; fileRef = B72653091E52DAD700D6CA5F /* UIViewController+SLHUD.m */; };
		B726530E1E52F6D800D6CA5F /* GSShiwenController.m in Sources */ = {isa = PBXBuildFile; fileRef = B726530D1E52F6D800D6CA5F /* GSShiwenController.m */; };
		B72653111E52FF0B00D6CA5F /* GSGushiwenController.m in Sources */ = {isa = PBXBuildFile; fileRef = B72653101E52FF0B00D6CA5F /* GSGushiwenController.m */; };
		B72653141E52FF1800D6CA5F /* GSMingjuController.m in Sources */ = {isa = PBXBuildFile; fileRef = B72653131E52FF1800D6CA5F /* GSMingjuController.m */; };
		B72653171E52FF2400D6CA5F /* GSAuthorController.m in Sources */ = {isa = PBXBuildFile; fileRef = B72653161E52FF2400D6CA5F /* GSAuthorController.m */; };
		B726531E1E53246F00D6CA5F /* GSBaseTableViewCell.m in Sources */ = {isa = PBXBuildFile; fileRef = B726531C1E53246F00D6CA5F /* GSBaseTableViewCell.m */; };
		B726531F1E53246F00D6CA5F /* GSBaseTableViewCell.xib in Resources */ = {isa = PBXBuildFile; fileRef = B726531D1E53246F00D6CA5F /* GSBaseTableViewCell.xib */; };
		B72653221E53573300D6CA5F /* NSString+pinyin.m in Sources */ = {isa = PBXBuildFile; fileRef = B72653211E53573300D6CA5F /* NSString+pinyin.m */; };
		B72653251E54499800D6CA5F /* GSPickController.m in Sources */ = {isa = PBXBuildFile; fileRef = B72653241E54499800D6CA5F /* GSPickController.m */; };
		B72653281E548C8600D6CA5F /* LEECellModel.m in Sources */ = {isa = PBXBuildFile; fileRef = B72653271E548C8600D6CA5F /* LEECellModel.m */; };
		B726532A1E5497C600D6CA5F /* ThreeTableView.xib in Resources */ = {isa = PBXBuildFile; fileRef = B72653291E5497C600D6CA5F /* ThreeTableView.xib */; };
		B726532D1E54999F00D6CA5F /* ThreeTableView.m in Sources */ = {isa = PBXBuildFile; fileRef = B726532C1E54999F00D6CA5F /* ThreeTableView.m */; };
		B72653371E55A6FF00D6CA5F /* GSAuthorDetailController.m in Sources */ = {isa = PBXBuildFile; fileRef = B72653361E55A6FF00D6CA5F /* GSAuthorDetailController.m */; };
		B72653601E58443D00D6CA5F /* 方正清刻本悦宋简体.TTF in Resources */ = {isa = PBXBuildFile; fileRef = B726535F1E58443D00D6CA5F /* 方正清刻本悦宋简体.TTF */; };
		B75A47621E4F3A9300FCC0C5 /* main.m in Sources */ = {isa = PBXBuildFile; fileRef = B75A47611E4F3A9300FCC0C5 /* main.m */; };
		B75A47651E4F3A9300FCC0C5 /* AppDelegate.m in Sources */ = {isa = PBXBuildFile; fileRef = B75A47641E4F3A9300FCC0C5 /* AppDelegate.m */; };
		B75A476D1E4F3A9300FCC0C5 /* Assets.xcassets in Resources */ = {isa = PBXBuildFile; fileRef = B75A476C1E4F3A9300FCC0C5 /* Assets.xcassets */; };
		B75A47701E4F3A9300FCC0C5 /* LaunchScreen.storyboard in Resources */ = {isa = PBXBuildFile; fileRef = B75A476E1E4F3A9300FCC0C5 /* LaunchScreen.storyboard */; };
		B75A478D1E4F445900FCC0C5 /* Main.storyboard in Resources */ = {isa = PBXBuildFile; fileRef = B75A478C1E4F445900FCC0C5 /* Main.storyboard */; };
		B75A47B61E4F45BD00FCC0C5 /* NSArray+Log.m in Sources */ = {isa = PBXBuildFile; fileRef = B75A47911E4F45BD00FCC0C5 /* NSArray+Log.m */; };
		B75A47B71E4F45BD00FCC0C5 /* NSAttributedString+CZAdditon.m in Sources */ = {isa = PBXBuildFile; fileRef = B75A47931E4F45BD00FCC0C5 /* NSAttributedString+CZAdditon.m */; };
		B75A47B81E4F45BD00FCC0C5 /* NSObject+CZRuntime.m in Sources */ = {isa = PBXBuildFile; fileRef = B75A47951E4F45BD00FCC0C5 /* NSObject+CZRuntime.m */; };
		B75A47B91E4F45BD00FCC0C5 /* NSString+CZBase64.m in Sources */ = {isa = PBXBuildFile; fileRef = B75A47971E4F45BD00FCC0C5 /* NSString+CZBase64.m */; };
		B75A47BA1E4F45BD00FCC0C5 /* NSString+CZHash.m in Sources */ = {isa = PBXBuildFile; fileRef = B75A47991E4F45BD00FCC0C5 /* NSString+CZHash.m */; };
		B75A47BB1E4F45BD00FCC0C5 /* NSString+CZPath.m in Sources */ = {isa = PBXBuildFile; fileRef = B75A479B1E4F45BD00FCC0C5 /* NSString+CZPath.m */; };
		B75A47BC1E4F45BD00FCC0C5 /* UIBarButtonItem+Item.m in Sources */ = {isa = PBXBuildFile; fileRef = B75A479D1E4F45BD00FCC0C5 /* UIBarButtonItem+Item.m */; };
		B75A47BD1E4F45BD00FCC0C5 /* UIButton+CZAddition.m in Sources */ = {isa = PBXBuildFile; fileRef = B75A479F1E4F45BD00FCC0C5 /* UIButton+CZAddition.m */; };
		B75A47BE1E4F45BD00FCC0C5 /* UIColor+CZAddition.m in Sources */ = {isa = PBXBuildFile; fileRef = B75A47A11E4F45BD00FCC0C5 /* UIColor+CZAddition.m */; };
		B75A47BF1E4F45BD00FCC0C5 /* UIImage+Antialias.m in Sources */ = {isa = PBXBuildFile; fileRef = B75A47A31E4F45BD00FCC0C5 /* UIImage+Antialias.m */; };
		B75A47C01E4F45BD00FCC0C5 /* UIImage+Image.m in Sources */ = {isa = PBXBuildFile; fileRef = B75A47A51E4F45BD00FCC0C5 /* UIImage+Image.m */; };
		B75A47C21E4F45BD00FCC0C5 /* UILabel+CZAddition.m in Sources */ = {isa = PBXBuildFile; fileRef = B75A47A91E4F45BD00FCC0C5 /* UILabel+CZAddition.m */; };
		B75A47C31E4F45BD00FCC0C5 /* UIScreen+CZAddition.m in Sources */ = {isa = PBXBuildFile; fileRef = B75A47AB1E4F45BD00FCC0C5 /* UIScreen+CZAddition.m */; };
		B75A47C41E4F45BD00FCC0C5 /* UITextField+Placeholder.m in Sources */ = {isa = PBXBuildFile; fileRef = B75A47AD1E4F45BD00FCC0C5 /* UITextField+Placeholder.m */; };
		B75A47C51E4F45BD00FCC0C5 /* UIView+CZAddition.m in Sources */ = {isa = PBXBuildFile; fileRef = B75A47AF1E4F45BD00FCC0C5 /* UIView+CZAddition.m */; };
		B75A47C61E4F45BD00FCC0C5 /* UIView+Frame.m in Sources */ = {isa = PBXBuildFile; fileRef = B75A47B11E4F45BD00FCC0C5 /* UIView+Frame.m */; };
		B75A47C71E4F45BD00FCC0C5 /* UIView+UIView_UIViewController.m in Sources */ = {isa = PBXBuildFile; fileRef = B75A47B31E4F45BD00FCC0C5 /* UIView+UIView_UIViewController.m */; };
		B75A47C81E4F45BD00FCC0C5 /* UIViewController+CZAddition.m in Sources */ = {isa = PBXBuildFile; fileRef = B75A47B51E4F45BD00FCC0C5 /* UIViewController+CZAddition.m */; };
		B75A47CE1E4F46AE00FCC0C5 /* LEEHTTPManager.m in Sources */ = {isa = PBXBuildFile; fileRef = B75A47CB1E4F46AE00FCC0C5 /* LEEHTTPManager.m */; };
		B75A47CF1E4F46AE00FCC0C5 /* Reachability.m in Sources */ = {isa = PBXBuildFile; fileRef = B75A47CD1E4F46AE00FCC0C5 /* Reachability.m */; };
		B75A47D21E4F473000FCC0C5 /* GSEveryDayViewController.m in Sources */ = {isa = PBXBuildFile; fileRef = B75A47D11E4F473000FCC0C5 /* GSEveryDayViewController.m */; };
		B75A47D91E4F671C00FCC0C5 /* CCDraggableCardView.m in Sources */ = {isa = PBXBuildFile; fileRef = B75A47D51E4F671C00FCC0C5 /* CCDraggableCardView.m */; };
		B75A47DA1E4F671C00FCC0C5 /* CCDraggableContainer.m in Sources */ = {isa = PBXBuildFile; fileRef = B75A47D81E4F671C00FCC0C5 /* CCDraggableContainer.m */; };
		B75A47DD1E4F6D8100FCC0C5 /* GSCustomCardView.m in Sources */ = {isa = PBXBuildFile; fileRef = B75A47DC1E4F6D8100FCC0C5 /* GSCustomCardView.m */; };
		B75A47DF1E4F6F8000FCC0C5 /* GushiContent.xib in Resources */ = {isa = PBXBuildFile; fileRef = B75A47DE1E4F6F8000FCC0C5 /* GushiContent.xib */; };
		B75A47E21E4F6F9E00FCC0C5 /* GushiContent.m in Sources */ = {isa = PBXBuildFile; fileRef = B75A47E11E4F6F9E00FCC0C5 /* GushiContent.m */; };
		B75A47E91E5005AD00FCC0C5 /* GSGushiContentModel.m in Sources */ = {isa = PBXBuildFile; fileRef = B75A47E81E5005AD00FCC0C5 /* GSGushiContentModel.m */; };
		B75A48021E508BC200FCC0C5 /* GSSearchController.m in Sources */ = {isa = PBXBuildFile; fileRef = B75A48011E508BC200FCC0C5 /* GSSearchController.m */; };
		B75A48051E50A51700FCC0C5 /* GSSearchSuggestionView.m in Sources */ = {isa = PBXBuildFile; fileRef = B75A48041E50A51700FCC0C5 /* GSSearchSuggestionView.m */; };
		B75A48071E50A52000FCC0C5 /* GSSearchSuggestionView.xib in Resources */ = {isa = PBXBuildFile; fileRef = B75A48061E50A52000FCC0C5 /* GSSearchSuggestionView.xib */; };
		B75A480D1E5195A900FCC0C5 /* Gushitype.plist in Resources */ = {isa = PBXBuildFile; fileRef = B75A480C1E5195A900FCC0C5 /* Gushitype.plist */; };
		B75A480F1E51985A00FCC0C5 /* chaodai.plist in Resources */ = {isa = PBXBuildFile; fileRef = B75A480E1E51985A00FCC0C5 /* chaodai.plist */; };
		B75A48111E5198CB00FCC0C5 /* form.plist in Resources */ = {isa = PBXBuildFile; fileRef = B75A48101E5198CB00FCC0C5 /* form.plist */; };
		B75A48131E519B7800FCC0C5 /* mingjuTheme.plist in Resources */ = {isa = PBXBuildFile; fileRef = B75A48121E519B7800FCC0C5 /* mingjuTheme.plist */; };
		B75A48161E51C97200FCC0C5 /* GSTheme.m in Sources */ = {isa = PBXBuildFile; fileRef = B75A48151E51C97200FCC0C5 /* GSTheme.m */; };
		B75A48191E51CCAD00FCC0C5 /* GSMineController.m in Sources */ = {isa = PBXBuildFile; fileRef = B75A48181E51CCAD00FCC0C5 /* GSMineController.m */; };
		B75A481C1E51D07B00FCC0C5 /* GSBaseController.m in Sources */ = {isa = PBXBuildFile; fileRef = B75A481B1E51D07B00FCC0C5 /* GSBaseController.m */; };
		B782A8AD1E5AEC94000B8CA2 /* UITextView+Addition.m in Sources */ = {isa = PBXBuildFile; fileRef = B782A8AC1E5AEC94000B8CA2 /* UITextView+Addition.m */; };
		B782A8B11E5C6EF4000B8CA2 /* GSSQLiteTools.m in Sources */ = {isa = PBXBuildFile; fileRef = B782A8B01E5C6EF4000B8CA2 /* GSSQLiteTools.m */; };
		B782A8B41E5C904E000B8CA2 /* GSHistoryTableVC.m in Sources */ = {isa = PBXBuildFile; fileRef = B782A8B31E5C904E000B8CA2 /* GSHistoryTableVC.m */; };
		B78FF78B1E588923007EDD2A /* GSClickSearchViewController.m in Sources */ = {isa = PBXBuildFile; fileRef = B78FF7891E588923007EDD2A /* GSClickSearchViewController.m */; };
		B78FF78F1E588D10007EDD2A /* GSSearchGushiController.m in Sources */ = {isa = PBXBuildFile; fileRef = B78FF78E1E588D10007EDD2A /* GSSearchGushiController.m */; };
		B7A579DE1E6BF26E00326000 /* Localizable.strings in Resources */ = {isa = PBXBuildFile; fileRef = B7A579E01E6BF26E00326000 /* Localizable.strings */; };
		B7A579E51E6BF50600326000 /* InfoPlist.strings in Resources */ = {isa = PBXBuildFile; fileRef = B7A579E71E6BF50600326000 /* InfoPlist.strings */; };
		B7C036451F63AC200032311C /* GSTabBarController.m in Sources */ = {isa = PBXBuildFile; fileRef = B7C036441F63AC200032311C /* GSTabBarController.m */; };
		B7F005BE1E5F22FF0057DEBC /* GSAboutMeController.m in Sources */ = {isa = PBXBuildFile; fileRef = B7F005BC1E5F22FF0057DEBC /* GSAboutMeController.m */; };
		B7F005BF1E5F22FF0057DEBC /* GSAboutMeController.xib in Resources */ = {isa = PBXBuildFile; fileRef = B7F005BD1E5F22FF0057DEBC /* GSAboutMeController.xib */; };
/* End PBXBuildFile section */

/* Begin PBXFileReference section */
		2B8CD5E0670E1C9FFE2336FC /* Pods-gushici.release.xcconfig */ = {isa = PBXFileReference; includeInIndex = 1; lastKnownFileType = text.xcconfig; name = "Pods-gushici.release.xcconfig"; path = "Pods/Target Support Files/Pods-gushici/Pods-gushici.release.xcconfig"; sourceTree = "<group>"; };
		B715FEAA1F8916140041ED5D /* GSBaseTableViewController.h */ = {isa = PBXFileReference; lastKnownFileType = sourcecode.c.h; path = GSBaseTableViewController.h; sourceTree = "<group>"; };
		B715FEAB1F8916140041ED5D /* GSBaseTableViewController.m */ = {isa = PBXFileReference; lastKnownFileType = sourcecode.c.objc; path = GSBaseTableViewController.m; sourceTree = "<group>"; };
		B715FECC1F891BB40041ED5D /* NSBundle+PYSearchExtension.h */ = {isa = PBXFileReference; lastKnownFileType = sourcecode.c.h; path = "NSBundle+PYSearchExtension.h"; sourceTree = "<group>"; };
		B715FECD1F891BB40041ED5D /* NSBundle+PYSearchExtension.m */ = {isa = PBXFileReference; lastKnownFileType = sourcecode.c.objc; path = "NSBundle+PYSearchExtension.m"; sourceTree = "<group>"; };
		B715FECE1F891BB40041ED5D /* PYSearch.bundle */ = {isa = PBXFileReference; lastKnownFileType = "wrapper.plug-in"; path = PYSearch.bundle; sourceTree = "<group>"; };
		B715FECF1F891BB40041ED5D /* PYSearch.h */ = {isa = PBXFileReference; lastKnownFileType = sourcecode.c.h; path = PYSearch.h; sourceTree = "<group>"; };
		B715FED01F891BB40041ED5D /* PYSearchConst.h */ = {isa = PBXFileReference; lastKnownFileType = sourcecode.c.h; path = PYSearchConst.h; sourceTree = "<group>"; };
		B715FED11F891BB40041ED5D /* PYSearchConst.m */ = {isa = PBXFileReference; lastKnownFileType = sourcecode.c.objc; path = PYSearchConst.m; sourceTree = "<group>"; };
		B715FED21F891BB40041ED5D /* PYSearchSuggestionViewController.h */ = {isa = PBXFileReference; lastKnownFileType = sourcecode.c.h; path = PYSearchSuggestionViewController.h; sourceTree = "<group>"; };
		B715FED31F891BB40041ED5D /* PYSearchSuggestionViewController.m */ = {isa = PBXFileReference; lastKnownFileType = sourcecode.c.objc; path = PYSearchSuggestionViewController.m; sourceTree = "<group>"; };
		B715FED41F891BB40041ED5D /* PYSearchViewController.h */ = {isa = PBXFileReference; lastKnownFileType = sourcecode.c.h; path = PYSearchViewController.h; sourceTree = "<group>"; };
		B715FED51F891BB40041ED5D /* PYSearchViewController.m */ = {isa = PBXFileReference; lastKnownFileType = sourcecode.c.objc; path = PYSearchViewController.m; sourceTree = "<group>"; };
		B715FED61F891BB40041ED5D /* UIColor+PYSearchExtension.h */ = {isa = PBXFileReference; lastKnownFileType = sourcecode.c.h; path = "UIColor+PYSearchExtension.h"; sourceTree = "<group>"; };
		B715FED71F891BB40041ED5D /* UIColor+PYSearchExtension.m */ = {isa = PBXFileReference; lastKnownFileType = sourcecode.c.objc; path = "UIColor+PYSearchExtension.m"; sourceTree = "<group>"; };
		B715FED81F891BB40041ED5D /* UIView+PYSearchExtension.h */ = {isa = PBXFileReference; lastKnownFileType = sourcecode.c.h; path = "UIView+PYSearchExtension.h"; sourceTree = "<group>"; };
		B715FED91F891BB40041ED5D /* UIView+PYSearchExtension.m */ = {isa = PBXFileReference; lastKnownFileType = sourcecode.c.objc; path = "UIView+PYSearchExtension.m"; sourceTree = "<group>"; };
		B721FF2B1E51F416006546E5 /* GSDetailController.h */ = {isa = PBXFileReference; fileEncoding = 4; lastKnownFileType = sourcecode.c.h; path = GSDetailController.h; sourceTree = "<group>"; };
		B721FF2C1E51F416006546E5 /* GSDetailController.m */ = {isa = PBXFileReference; fileEncoding = 4; lastKnownFileType = sourcecode.c.objc; path = GSDetailController.m; sourceTree = "<group>"; };
		B721FF2E1E51FA31006546E5 /* GSBaseNavController.h */ = {isa = PBXFileReference; fileEncoding = 4; lastKnownFileType = sourcecode.c.h; path = GSBaseNavController.h; sourceTree = "<group>"; };
		B721FF2F1E51FA31006546E5 /* GSBaseNavController.m */ = {isa = PBXFileReference; fileEncoding = 4; lastKnownFileType = sourcecode.c.objc; path = GSBaseNavController.m; sourceTree = "<group>"; };
		B721FF3A1E51FE56006546E5 /* GSDetailContent.xib */ = {isa = PBXFileReference; fileEncoding = 4; lastKnownFileType = file.xib; path = GSDetailContent.xib; sourceTree = "<group>"; };
		B721FF3C1E520B63006546E5 /* GSDetailContent.h */ = {isa = PBXFileReference; fileEncoding = 4; lastKnownFileType = sourcecode.c.h; path = GSDetailContent.h; sourceTree = "<group>"; };
		B721FF3D1E520B63006546E5 /* GSDetailContent.m */ = {isa = PBXFileReference; fileEncoding = 4; lastKnownFileType = sourcecode.c.objc; path = GSDetailContent.m; sourceTree = "<group>"; };
		B72652FD1E52CF8600D6CA5F /* RemarksCellHeightModel.h */ = {isa = PBXFileReference; fileEncoding = 4; lastKnownFileType = sourcecode.c.h; path = RemarksCellHeightModel.h; sourceTree = "<group>"; };
		B72652FE1E52CF8600D6CA5F /* RemarksCellHeightModel.m */ = {isa = PBXFileReference; fileEncoding = 4; lastKnownFileType = sourcecode.c.objc; path = RemarksCellHeightModel.m; sourceTree = "<group>"; };
		B72653001E52CF8600D6CA5F /* RemarksTableViewCell.h */ = {isa = PBXFileReference; fileEncoding = 4; lastKnownFileType = sourcecode.c.h; path = RemarksTableViewCell.h; sourceTree = "<group>"; };
		B72653011E52CF8600D6CA5F /* RemarksTableViewCell.m */ = {isa = PBXFileReference; fileEncoding = 4; lastKnownFileType = sourcecode.c.objc; path = RemarksTableViewCell.m; sourceTree = "<group>"; };
		B72653061E52DAD700D6CA5F /* NSObject+BoboHUD.h */ = {isa = PBXFileReference; fileEncoding = 4; lastKnownFileType = sourcecode.c.h; path = "NSObject+BoboHUD.h"; sourceTree = "<group>"; };
		B72653071E52DAD700D6CA5F /* NSObject+BoboHUD.m */ = {isa = PBXFileReference; fileEncoding = 4; lastKnownFileType = sourcecode.c.objc; path = "NSObject+BoboHUD.m"; sourceTree = "<group>"; };
		B72653081E52DAD700D6CA5F /* UIViewController+SLHUD.h */ = {isa = PBXFileReference; fileEncoding = 4; lastKnownFileType = sourcecode.c.h; path = "UIViewController+SLHUD.h"; sourceTree = "<group>"; };
		B72653091E52DAD700D6CA5F /* UIViewController+SLHUD.m */ = {isa = PBXFileReference; fileEncoding = 4; lastKnownFileType = sourcecode.c.objc; path = "UIViewController+SLHUD.m"; sourceTree = "<group>"; };
		B726530C1E52F6D800D6CA5F /* GSShiwenController.h */ = {isa = PBXFileReference; fileEncoding = 4; lastKnownFileType = sourcecode.c.h; path = GSShiwenController.h; sourceTree = "<group>"; };
		B726530D1E52F6D800D6CA5F /* GSShiwenController.m */ = {isa = PBXFileReference; fileEncoding = 4; lastKnownFileType = sourcecode.c.objc; path = GSShiwenController.m; sourceTree = "<group>"; };
		B726530F1E52FF0B00D6CA5F /* GSGushiwenController.h */ = {isa = PBXFileReference; fileEncoding = 4; lastKnownFileType = sourcecode.c.h; path = GSGushiwenController.h; sourceTree = "<group>"; };
		B72653101E52FF0B00D6CA5F /* GSGushiwenController.m */ = {isa = PBXFileReference; fileEncoding = 4; lastKnownFileType = sourcecode.c.objc; path = GSGushiwenController.m; sourceTree = "<group>"; };
		B72653121E52FF1800D6CA5F /* GSMingjuController.h */ = {isa = PBXFileReference; fileEncoding = 4; lastKnownFileType = sourcecode.c.h; path = GSMingjuController.h; sourceTree = "<group>"; };
		B72653131E52FF1800D6CA5F /* GSMingjuController.m */ = {isa = PBXFileReference; fileEncoding = 4; lastKnownFileType = sourcecode.c.objc; path = GSMingjuController.m; sourceTree = "<group>"; };
		B72653151E52FF2400D6CA5F /* GSAuthorController.h */ = {isa = PBXFileReference; fileEncoding = 4; lastKnownFileType = sourcecode.c.h; path = GSAuthorController.h; sourceTree = "<group>"; };
		B72653161E52FF2400D6CA5F /* GSAuthorController.m */ = {isa = PBXFileReference; fileEncoding = 4; lastKnownFileType = sourcecode.c.objc; path = GSAuthorController.m; sourceTree = "<group>"; };
		B726531B1E53246F00D6CA5F /* GSBaseTableViewCell.h */ = {isa = PBXFileReference; fileEncoding = 4; lastKnownFileType = sourcecode.c.h; path = GSBaseTableViewCell.h; sourceTree = "<group>"; };
		B726531C1E53246F00D6CA5F /* GSBaseTableViewCell.m */ = {isa = PBXFileReference; fileEncoding = 4; lastKnownFileType = sourcecode.c.objc; path = GSBaseTableViewCell.m; sourceTree = "<group>"; };
		B726531D1E53246F00D6CA5F /* GSBaseTableViewCell.xib */ = {isa = PBXFileReference; fileEncoding = 4; lastKnownFileType = file.xib; path = GSBaseTableViewCell.xib; sourceTree = "<group>"; };
		B72653201E53573300D6CA5F /* NSString+pinyin.h */ = {isa = PBXFileReference; fileEncoding = 4; lastKnownFileType = sourcecode.c.h; path = "NSString+pinyin.h"; sourceTree = "<group>"; };
		B72653211E53573300D6CA5F /* NSString+pinyin.m */ = {isa = PBXFileReference; fileEncoding = 4; lastKnownFileType = sourcecode.c.objc; path = "NSString+pinyin.m"; sourceTree = "<group>"; };
		B72653231E54499800D6CA5F /* GSPickController.h */ = {isa = PBXFileReference; fileEncoding = 4; lastKnownFileType = sourcecode.c.h; path = GSPickController.h; sourceTree = "<group>"; };
		B72653241E54499800D6CA5F /* GSPickController.m */ = {isa = PBXFileReference; fileEncoding = 4; lastKnownFileType = sourcecode.c.objc; path = GSPickController.m; sourceTree = "<group>"; };
		B72653261E548C8600D6CA5F /* LEECellModel.h */ = {isa = PBXFileReference; fileEncoding = 4; lastKnownFileType = sourcecode.c.h; path = LEECellModel.h; sourceTree = "<group>"; };
		B72653271E548C8600D6CA5F /* LEECellModel.m */ = {isa = PBXFileReference; fileEncoding = 4; lastKnownFileType = sourcecode.c.objc; path = LEECellModel.m; sourceTree = "<group>"; };
		B72653291E5497C600D6CA5F /* ThreeTableView.xib */ = {isa = PBXFileReference; fileEncoding = 4; lastKnownFileType = file.xib; name = ThreeTableView.xib; path = ../Controller/ThreeTableView.xib; sourceTree = "<group>"; };
		B726532B1E54999F00D6CA5F /* ThreeTableView.h */ = {isa = PBXFileReference; fileEncoding = 4; lastKnownFileType = sourcecode.c.h; path = ThreeTableView.h; sourceTree = "<group>"; };
		B726532C1E54999F00D6CA5F /* ThreeTableView.m */ = {isa = PBXFileReference; fileEncoding = 4; lastKnownFileType = sourcecode.c.objc; path = ThreeTableView.m; sourceTree = "<group>"; };
		B72653351E55A6FF00D6CA5F /* GSAuthorDetailController.h */ = {isa = PBXFileReference; fileEncoding = 4; lastKnownFileType = sourcecode.c.h; path = GSAuthorDetailController.h; sourceTree = "<group>"; };
		B72653361E55A6FF00D6CA5F /* GSAuthorDetailController.m */ = {isa = PBXFileReference; fileEncoding = 4; lastKnownFileType = sourcecode.c.objc; path = GSAuthorDetailController.m; sourceTree = "<group>"; };
		B726535F1E58443D00D6CA5F /* 方正清刻本悦宋简体.TTF */ = {isa = PBXFileReference; lastKnownFileType = file; path = "方正清刻本悦宋简体.TTF"; sourceTree = "<group>"; };
		B75A475D1E4F3A9300FCC0C5 /* gushici.app */ = {isa = PBXFileReference; explicitFileType = wrapper.application; includeInIndex = 0; path = gushici.app; sourceTree = BUILT_PRODUCTS_DIR; };
		B75A47611E4F3A9300FCC0C5 /* main.m */ = {isa = PBXFileReference; lastKnownFileType = sourcecode.c.objc; path = main.m; sourceTree = "<group>"; };
		B75A47631E4F3A9300FCC0C5 /* AppDelegate.h */ = {isa = PBXFileReference; lastKnownFileType = sourcecode.c.h; path = AppDelegate.h; sourceTree = "<group>"; };
		B75A47641E4F3A9300FCC0C5 /* AppDelegate.m */ = {isa = PBXFileReference; lastKnownFileType = sourcecode.c.objc; path = AppDelegate.m; sourceTree = "<group>"; };
		B75A476C1E4F3A9300FCC0C5 /* Assets.xcassets */ = {isa = PBXFileReference; lastKnownFileType = folder.assetcatalog; path = Assets.xcassets; sourceTree = "<group>"; };
		B75A476F1E4F3A9300FCC0C5 /* Base */ = {isa = PBXFileReference; lastKnownFileType = file.storyboard; name = Base; path = Base.lproj/LaunchScreen.storyboard; sourceTree = "<group>"; };
		B75A47711E4F3A9300FCC0C5 /* Info.plist */ = {isa = PBXFileReference; lastKnownFileType = text.plist.xml; path = Info.plist; sourceTree = "<group>"; };
		B75A47891E4F43C300FCC0C5 /* PrefixHeader.pch */ = {isa = PBXFileReference; lastKnownFileType = sourcecode.c.h; path = PrefixHeader.pch; sourceTree = "<group>"; };
		B75A478C1E4F445900FCC0C5 /* Main.storyboard */ = {isa = PBXFileReference; fileEncoding = 4; lastKnownFileType = file.storyboard; path = Main.storyboard; sourceTree = "<group>"; };
		B75A478F1E4F45BD00FCC0C5 /* CZAdditions.h */ = {isa = PBXFileReference; fileEncoding = 4; lastKnownFileType = sourcecode.c.h; path = CZAdditions.h; sourceTree = "<group>"; };
		B75A47901E4F45BD00FCC0C5 /* NSArray+Log.h */ = {isa = PBXFileReference; fileEncoding = 4; lastKnownFileType = sourcecode.c.h; path = "NSArray+Log.h"; sourceTree = "<group>"; };
		B75A47911E4F45BD00FCC0C5 /* NSArray+Log.m */ = {isa = PBXFileReference; fileEncoding = 4; lastKnownFileType = sourcecode.c.objc; path = "NSArray+Log.m"; sourceTree = "<group>"; };
		B75A47921E4F45BD00FCC0C5 /* NSAttributedString+CZAdditon.h */ = {isa = PBXFileReference; fileEncoding = 4; lastKnownFileType = sourcecode.c.h; path = "NSAttributedString+CZAdditon.h"; sourceTree = "<group>"; };
		B75A47931E4F45BD00FCC0C5 /* NSAttributedString+CZAdditon.m */ = {isa = PBXFileReference; fileEncoding = 4; lastKnownFileType = sourcecode.c.objc; path = "NSAttributedString+CZAdditon.m"; sourceTree = "<group>"; };
		B75A47941E4F45BD00FCC0C5 /* NSObject+CZRuntime.h */ = {isa = PBXFileReference; fileEncoding = 4; lastKnownFileType = sourcecode.c.h; path = "NSObject+CZRuntime.h"; sourceTree = "<group>"; };
		B75A47951E4F45BD00FCC0C5 /* NSObject+CZRuntime.m */ = {isa = PBXFileReference; fileEncoding = 4; lastKnownFileType = sourcecode.c.objc; path = "NSObject+CZRuntime.m"; sourceTree = "<group>"; };
		B75A47961E4F45BD00FCC0C5 /* NSString+CZBase64.h */ = {isa = PBXFileReference; fileEncoding = 4; lastKnownFileType = sourcecode.c.h; path = "NSString+CZBase64.h"; sourceTree = "<group>"; };
		B75A47971E4F45BD00FCC0C5 /* NSString+CZBase64.m */ = {isa = PBXFileReference; fileEncoding = 4; lastKnownFileType = sourcecode.c.objc; path = "NSString+CZBase64.m"; sourceTree = "<group>"; };
		B75A47981E4F45BD00FCC0C5 /* NSString+CZHash.h */ = {isa = PBXFileReference; fileEncoding = 4; lastKnownFileType = sourcecode.c.h; path = "NSString+CZHash.h"; sourceTree = "<group>"; };
		B75A47991E4F45BD00FCC0C5 /* NSString+CZHash.m */ = {isa = PBXFileReference; fileEncoding = 4; lastKnownFileType = sourcecode.c.objc; path = "NSString+CZHash.m"; sourceTree = "<group>"; };
		B75A479A1E4F45BD00FCC0C5 /* NSString+CZPath.h */ = {isa = PBXFileReference; fileEncoding = 4; lastKnownFileType = sourcecode.c.h; path = "NSString+CZPath.h"; sourceTree = "<group>"; };
		B75A479B1E4F45BD00FCC0C5 /* NSString+CZPath.m */ = {isa = PBXFileReference; fileEncoding = 4; lastKnownFileType = sourcecode.c.objc; path = "NSString+CZPath.m"; sourceTree = "<group>"; };
		B75A479C1E4F45BD00FCC0C5 /* UIBarButtonItem+Item.h */ = {isa = PBXFileReference; fileEncoding = 4; lastKnownFileType = sourcecode.c.h; path = "UIBarButtonItem+Item.h"; sourceTree = "<group>"; };
		B75A479D1E4F45BD00FCC0C5 /* UIBarButtonItem+Item.m */ = {isa = PBXFileReference; fileEncoding = 4; lastKnownFileType = sourcecode.c.objc; path = "UIBarButtonItem+Item.m"; sourceTree = "<group>"; };
		B75A479E1E4F45BD00FCC0C5 /* UIButton+CZAddition.h */ = {isa = PBXFileReference; fileEncoding = 4; lastKnownFileType = sourcecode.c.h; path = "UIButton+CZAddition.h"; sourceTree = "<group>"; };
		B75A479F1E4F45BD00FCC0C5 /* UIButton+CZAddition.m */ = {isa = PBXFileReference; fileEncoding = 4; lastKnownFileType = sourcecode.c.objc; path = "UIButton+CZAddition.m"; sourceTree = "<group>"; };
		B75A47A01E4F45BD00FCC0C5 /* UIColor+CZAddition.h */ = {isa = PBXFileReference; fileEncoding = 4; lastKnownFileType = sourcecode.c.h; path = "UIColor+CZAddition.h"; sourceTree = "<group>"; };
		B75A47A11E4F45BD00FCC0C5 /* UIColor+CZAddition.m */ = {isa = PBXFileReference; fileEncoding = 4; lastKnownFileType = sourcecode.c.objc; path = "UIColor+CZAddition.m"; sourceTree = "<group>"; };
		B75A47A21E4F45BD00FCC0C5 /* UIImage+Antialias.h */ = {isa = PBXFileReference; fileEncoding = 4; lastKnownFileType = sourcecode.c.h; path = "UIImage+Antialias.h"; sourceTree = "<group>"; };
		B75A47A31E4F45BD00FCC0C5 /* UIImage+Antialias.m */ = {isa = PBXFileReference; fileEncoding = 4; lastKnownFileType = sourcecode.c.objc; path = "UIImage+Antialias.m"; sourceTree = "<group>"; };
		B75A47A41E4F45BD00FCC0C5 /* UIImage+Image.h */ = {isa = PBXFileReference; fileEncoding = 4; lastKnownFileType = sourcecode.c.h; path = "UIImage+Image.h"; sourceTree = "<group>"; };
		B75A47A51E4F45BD00FCC0C5 /* UIImage+Image.m */ = {isa = PBXFileReference; fileEncoding = 4; lastKnownFileType = sourcecode.c.objc; path = "UIImage+Image.m"; sourceTree = "<group>"; };
		B75A47A81E4F45BD00FCC0C5 /* UILabel+CZAddition.h */ = {isa = PBXFileReference; fileEncoding = 4; lastKnownFileType = sourcecode.c.h; path = "UILabel+CZAddition.h"; sourceTree = "<group>"; };
		B75A47A91E4F45BD00FCC0C5 /* UILabel+CZAddition.m */ = {isa = PBXFileReference; fileEncoding = 4; lastKnownFileType = sourcecode.c.objc; path = "UILabel+CZAddition.m"; sourceTree = "<group>"; };
		B75A47AA1E4F45BD00FCC0C5 /* UIScreen+CZAddition.h */ = {isa = PBXFileReference; fileEncoding = 4; lastKnownFileType = sourcecode.c.h; path = "UIScreen+CZAddition.h"; sourceTree = "<group>"; };
		B75A47AB1E4F45BD00FCC0C5 /* UIScreen+CZAddition.m */ = {isa = PBXFileReference; fileEncoding = 4; lastKnownFileType = sourcecode.c.objc; path = "UIScreen+CZAddition.m"; sourceTree = "<group>"; };
		B75A47AC1E4F45BD00FCC0C5 /* UITextField+Placeholder.h */ = {isa = PBXFileReference; fileEncoding = 4; lastKnownFileType = sourcecode.c.h; path = "UITextField+Placeholder.h"; sourceTree = "<group>"; };
		B75A47AD1E4F45BD00FCC0C5 /* UITextField+Placeholder.m */ = {isa = PBXFileReference; fileEncoding = 4; lastKnownFileType = sourcecode.c.objc; path = "UITextField+Placeholder.m"; sourceTree = "<group>"; };
		B75A47AE1E4F45BD00FCC0C5 /* UIView+CZAddition.h */ = {isa = PBXFileReference; fileEncoding = 4; lastKnownFileType = sourcecode.c.h; path = "UIView+CZAddition.h"; sourceTree = "<group>"; };
		B75A47AF1E4F45BD00FCC0C5 /* UIView+CZAddition.m */ = {isa = PBXFileReference; fileEncoding = 4; lastKnownFileType = sourcecode.c.objc; path = "UIView+CZAddition.m"; sourceTree = "<group>"; };
		B75A47B01E4F45BD00FCC0C5 /* UIView+Frame.h */ = {isa = PBXFileReference; fileEncoding = 4; lastKnownFileType = sourcecode.c.h; path = "UIView+Frame.h"; sourceTree = "<group>"; };
		B75A47B11E4F45BD00FCC0C5 /* UIView+Frame.m */ = {isa = PBXFileReference; fileEncoding = 4; lastKnownFileType = sourcecode.c.objc; path = "UIView+Frame.m"; sourceTree = "<group>"; };
		B75A47B21E4F45BD00FCC0C5 /* UIView+UIView_UIViewController.h */ = {isa = PBXFileReference; fileEncoding = 4; lastKnownFileType = sourcecode.c.h; path = "UIView+UIView_UIViewController.h"; sourceTree = "<group>"; };
		B75A47B31E4F45BD00FCC0C5 /* UIView+UIView_UIViewController.m */ = {isa = PBXFileReference; fileEncoding = 4; lastKnownFileType = sourcecode.c.objc; path = "UIView+UIView_UIViewController.m"; sourceTree = "<group>"; };
		B75A47B41E4F45BD00FCC0C5 /* UIViewController+CZAddition.h */ = {isa = PBXFileReference; fileEncoding = 4; lastKnownFileType = sourcecode.c.h; path = "UIViewController+CZAddition.h"; sourceTree = "<group>"; };
		B75A47B51E4F45BD00FCC0C5 /* UIViewController+CZAddition.m */ = {isa = PBXFileReference; fileEncoding = 4; lastKnownFileType = sourcecode.c.objc; path = "UIViewController+CZAddition.m"; sourceTree = "<group>"; };
		B75A47CA1E4F46AE00FCC0C5 /* LEEHTTPManager.h */ = {isa = PBXFileReference; fileEncoding = 4; lastKnownFileType = sourcecode.c.h; path = LEEHTTPManager.h; sourceTree = "<group>"; };
		B75A47CB1E4F46AE00FCC0C5 /* LEEHTTPManager.m */ = {isa = PBXFileReference; fileEncoding = 4; lastKnownFileType = sourcecode.c.objc; path = LEEHTTPManager.m; sourceTree = "<group>"; };
		B75A47CC1E4F46AE00FCC0C5 /* Reachability.h */ = {isa = PBXFileReference; fileEncoding = 4; lastKnownFileType = sourcecode.c.h; path = Reachability.h; sourceTree = "<group>"; };
		B75A47CD1E4F46AE00FCC0C5 /* Reachability.m */ = {isa = PBXFileReference; fileEncoding = 4; lastKnownFileType = sourcecode.c.objc; path = Reachability.m; sourceTree = "<group>"; };
		B75A47D01E4F473000FCC0C5 /* GSEveryDayViewController.h */ = {isa = PBXFileReference; fileEncoding = 4; lastKnownFileType = sourcecode.c.h; path = GSEveryDayViewController.h; sourceTree = "<group>"; };
		B75A47D11E4F473000FCC0C5 /* GSEveryDayViewController.m */ = {isa = PBXFileReference; fileEncoding = 4; lastKnownFileType = sourcecode.c.objc; path = GSEveryDayViewController.m; sourceTree = "<group>"; };
		B75A47D41E4F671C00FCC0C5 /* CCDraggableCardView.h */ = {isa = PBXFileReference; fileEncoding = 4; lastKnownFileType = sourcecode.c.h; path = CCDraggableCardView.h; sourceTree = "<group>"; };
		B75A47D51E4F671C00FCC0C5 /* CCDraggableCardView.m */ = {isa = PBXFileReference; fileEncoding = 4; lastKnownFileType = sourcecode.c.objc; path = CCDraggableCardView.m; sourceTree = "<group>"; };
		B75A47D61E4F671C00FCC0C5 /* CCDraggableConfig.h */ = {isa = PBXFileReference; fileEncoding = 4; lastKnownFileType = sourcecode.c.h; path = CCDraggableConfig.h; sourceTree = "<group>"; };
		B75A47D71E4F671C00FCC0C5 /* CCDraggableContainer.h */ = {isa = PBXFileReference; fileEncoding = 4; lastKnownFileType = sourcecode.c.h; path = CCDraggableContainer.h; sourceTree = "<group>"; };
		B75A47D81E4F671C00FCC0C5 /* CCDraggableContainer.m */ = {isa = PBXFileReference; fileEncoding = 4; lastKnownFileType = sourcecode.c.objc; path = CCDraggableContainer.m; sourceTree = "<group>"; };
		B75A47DB1E4F6D8100FCC0C5 /* GSCustomCardView.h */ = {isa = PBXFileReference; fileEncoding = 4; lastKnownFileType = sourcecode.c.h; path = GSCustomCardView.h; sourceTree = "<group>"; };
		B75A47DC1E4F6D8100FCC0C5 /* GSCustomCardView.m */ = {isa = PBXFileReference; fileEncoding = 4; lastKnownFileType = sourcecode.c.objc; path = GSCustomCardView.m; sourceTree = "<group>"; };
		B75A47DE1E4F6F8000FCC0C5 /* GushiContent.xib */ = {isa = PBXFileReference; fileEncoding = 4; lastKnownFileType = file.xib; path = GushiContent.xib; sourceTree = "<group>"; };
		B75A47E01E4F6F9E00FCC0C5 /* GushiContent.h */ = {isa = PBXFileReference; fileEncoding = 4; lastKnownFileType = sourcecode.c.h; path = GushiContent.h; sourceTree = "<group>"; };
		B75A47E11E4F6F9E00FCC0C5 /* GushiContent.m */ = {isa = PBXFileReference; fileEncoding = 4; lastKnownFileType = sourcecode.c.objc; path = GushiContent.m; sourceTree = "<group>"; };
		B75A47E71E5005AD00FCC0C5 /* GSGushiContentModel.h */ = {isa = PBXFileReference; fileEncoding = 4; lastKnownFileType = sourcecode.c.h; path = GSGushiContentModel.h; sourceTree = "<group>"; };
		B75A47E81E5005AD00FCC0C5 /* GSGushiContentModel.m */ = {isa = PBXFileReference; fileEncoding = 4; lastKnownFileType = sourcecode.c.objc; path = GSGushiContentModel.m; sourceTree = "<group>"; };
		B75A48001E508BC200FCC0C5 /* GSSearchController.h */ = {isa = PBXFileReference; fileEncoding = 4; lastKnownFileType = sourcecode.c.h; path = GSSearchController.h; sourceTree = "<group>"; };
		B75A48011E508BC200FCC0C5 /* GSSearchController.m */ = {isa = PBXFileReference; fileEncoding = 4; lastKnownFileType = sourcecode.c.objc; path = GSSearchController.m; sourceTree = "<group>"; };
		B75A48031E50A51700FCC0C5 /* GSSearchSuggestionView.h */ = {isa = PBXFileReference; fileEncoding = 4; lastKnownFileType = sourcecode.c.h; path = GSSearchSuggestionView.h; sourceTree = "<group>"; };
		B75A48041E50A51700FCC0C5 /* GSSearchSuggestionView.m */ = {isa = PBXFileReference; fileEncoding = 4; lastKnownFileType = sourcecode.c.objc; path = GSSearchSuggestionView.m; sourceTree = "<group>"; };
		B75A48061E50A52000FCC0C5 /* GSSearchSuggestionView.xib */ = {isa = PBXFileReference; fileEncoding = 4; lastKnownFileType = file.xib; path = GSSearchSuggestionView.xib; sourceTree = "<group>"; };
		B75A480C1E5195A900FCC0C5 /* Gushitype.plist */ = {isa = PBXFileReference; fileEncoding = 4; lastKnownFileType = text.plist.xml; path = Gushitype.plist; sourceTree = "<group>"; };
		B75A480E1E51985A00FCC0C5 /* chaodai.plist */ = {isa = PBXFileReference; fileEncoding = 4; lastKnownFileType = text.plist.xml; path = chaodai.plist; sourceTree = "<group>"; };
		B75A48101E5198CB00FCC0C5 /* form.plist */ = {isa = PBXFileReference; fileEncoding = 4; lastKnownFileType = text.plist.xml; path = form.plist; sourceTree = "<group>"; };
		B75A48121E519B7800FCC0C5 /* mingjuTheme.plist */ = {isa = PBXFileReference; fileEncoding = 4; lastKnownFileType = text.plist.xml; path = mingjuTheme.plist; sourceTree = "<group>"; };
		B75A48141E51C97200FCC0C5 /* GSTheme.h */ = {isa = PBXFileReference; fileEncoding = 4; lastKnownFileType = sourcecode.c.h; path = GSTheme.h; sourceTree = "<group>"; };
		B75A48151E51C97200FCC0C5 /* GSTheme.m */ = {isa = PBXFileReference; fileEncoding = 4; lastKnownFileType = sourcecode.c.objc; path = GSTheme.m; sourceTree = "<group>"; };
		B75A48171E51CCAD00FCC0C5 /* GSMineController.h */ = {isa = PBXFileReference; fileEncoding = 4; lastKnownFileType = sourcecode.c.h; path = GSMineController.h; sourceTree = "<group>"; };
		B75A48181E51CCAD00FCC0C5 /* GSMineController.m */ = {isa = PBXFileReference; fileEncoding = 4; lastKnownFileType = sourcecode.c.objc; path = GSMineController.m; sourceTree = "<group>"; };
		B75A481A1E51D07B00FCC0C5 /* GSBaseController.h */ = {isa = PBXFileReference; fileEncoding = 4; lastKnownFileType = sourcecode.c.h; path = GSBaseController.h; sourceTree = "<group>"; };
		B75A481B1E51D07B00FCC0C5 /* GSBaseController.m */ = {isa = PBXFileReference; fileEncoding = 4; lastKnownFileType = sourcecode.c.objc; path = GSBaseController.m; sourceTree = "<group>"; };
		B782A8AB1E5AEC94000B8CA2 /* UITextView+Addition.h */ = {isa = PBXFileReference; fileEncoding = 4; lastKnownFileType = sourcecode.c.h; path = "UITextView+Addition.h"; sourceTree = "<group>"; };
		B782A8AC1E5AEC94000B8CA2 /* UITextView+Addition.m */ = {isa = PBXFileReference; fileEncoding = 4; lastKnownFileType = sourcecode.c.objc; path = "UITextView+Addition.m"; sourceTree = "<group>"; };
		B782A8AF1E5C6EF4000B8CA2 /* GSSQLiteTools.h */ = {isa = PBXFileReference; fileEncoding = 4; lastKnownFileType = sourcecode.c.h; path = GSSQLiteTools.h; sourceTree = "<group>"; };
		B782A8B01E5C6EF4000B8CA2 /* GSSQLiteTools.m */ = {isa = PBXFileReference; fileEncoding = 4; lastKnownFileType = sourcecode.c.objc; path = GSSQLiteTools.m; sourceTree = "<group>"; };
		B782A8B21E5C904E000B8CA2 /* GSHistoryTableVC.h */ = {isa = PBXFileReference; fileEncoding = 4; lastKnownFileType = sourcecode.c.h; path = GSHistoryTableVC.h; sourceTree = "<group>"; };
		B782A8B31E5C904E000B8CA2 /* GSHistoryTableVC.m */ = {isa = PBXFileReference; fileEncoding = 4; lastKnownFileType = sourcecode.c.objc; path = GSHistoryTableVC.m; sourceTree = "<group>"; };
		B78FF7881E588923007EDD2A /* GSClickSearchViewController.h */ = {isa = PBXFileReference; fileEncoding = 4; lastKnownFileType = sourcecode.c.h; path = GSClickSearchViewController.h; sourceTree = "<group>"; };
		B78FF7891E588923007EDD2A /* GSClickSearchViewController.m */ = {isa = PBXFileReference; fileEncoding = 4; lastKnownFileType = sourcecode.c.objc; path = GSClickSearchViewController.m; sourceTree = "<group>"; };
		B78FF78D1E588D10007EDD2A /* GSSearchGushiController.h */ = {isa = PBXFileReference; fileEncoding = 4; lastKnownFileType = sourcecode.c.h; path = GSSearchGushiController.h; sourceTree = "<group>"; };
		B78FF78E1E588D10007EDD2A /* GSSearchGushiController.m */ = {isa = PBXFileReference; fileEncoding = 4; lastKnownFileType = sourcecode.c.objc; path = GSSearchGushiController.m; sourceTree = "<group>"; };
		B7A579DF1E6BF26E00326000 /* Base */ = {isa = PBXFileReference; lastKnownFileType = text.plist.strings; name = Base; path = Base.lproj/Localizable.strings; sourceTree = "<group>"; };
		B7A579E11E6BF27100326000 /* en */ = {isa = PBXFileReference; lastKnownFileType = text.plist.strings; name = en; path = en.lproj/Localizable.strings; sourceTree = "<group>"; };
		B7A579E21E6BF2A400326000 /* zh-Hans */ = {isa = PBXFileReference; lastKnownFileType = text.plist.strings; name = "zh-Hans"; path = "zh-Hans.lproj/Localizable.strings"; sourceTree = "<group>"; };
		B7A579E61E6BF50600326000 /* Base */ = {isa = PBXFileReference; lastKnownFileType = text.plist.strings; name = Base; path = Base.lproj/InfoPlist.strings; sourceTree = "<group>"; };
		B7A579E81E6BF50900326000 /* en */ = {isa = PBXFileReference; lastKnownFileType = text.plist.strings; name = en; path = en.lproj/InfoPlist.strings; sourceTree = "<group>"; };
		B7A579E91E6BF50A00326000 /* zh-Hans */ = {isa = PBXFileReference; lastKnownFileType = text.plist.strings; name = "zh-Hans"; path = "zh-Hans.lproj/InfoPlist.strings"; sourceTree = "<group>"; };
		B7C036431F63AC200032311C /* GSTabBarController.h */ = {isa = PBXFileReference; fileEncoding = 4; lastKnownFileType = sourcecode.c.h; path = GSTabBarController.h; sourceTree = "<group>"; };
		B7C036441F63AC200032311C /* GSTabBarController.m */ = {isa = PBXFileReference; fileEncoding = 4; lastKnownFileType = sourcecode.c.objc; path = GSTabBarController.m; sourceTree = "<group>"; };
		B7F005BB1E5F22FF0057DEBC /* GSAboutMeController.h */ = {isa = PBXFileReference; fileEncoding = 4; lastKnownFileType = sourcecode.c.h; path = GSAboutMeController.h; sourceTree = "<group>"; };
		B7F005BC1E5F22FF0057DEBC /* GSAboutMeController.m */ = {isa = PBXFileReference; fileEncoding = 4; lastKnownFileType = sourcecode.c.objc; path = GSAboutMeController.m; sourceTree = "<group>"; };
		B7F005BD1E5F22FF0057DEBC /* GSAboutMeController.xib */ = {isa = PBXFileReference; fileEncoding = 4; lastKnownFileType = file.xib; path = GSAboutMeController.xib; sourceTree = "<group>"; };
		C92E1C5FDAE68782CCA88BC4 /* Pods-gushici.debug.xcconfig */ = {isa = PBXFileReference; includeInIndex = 1; lastKnownFileType = text.xcconfig; name = "Pods-gushici.debug.xcconfig"; path = "Pods/Target Support Files/Pods-gushici/Pods-gushici.debug.xcconfig"; sourceTree = "<group>"; };
		ED8D547B01B79F5D740D2BCD /* libPods-gushici.a */ = {isa = PBXFileReference; explicitFileType = archive.ar; includeInIndex = 0; path = "libPods-gushici.a"; sourceTree = BUILT_PRODUCTS_DIR; };
/* End PBXFileReference section */

/* Begin PBXFrameworksBuildPhase section */
		B75A475A1E4F3A9200FCC0C5 /* Frameworks */ = {
			isa = PBXFrameworksBuildPhase;
			buildActionMask = 2147483647;
			files = (
				6E6A9ABBA176B834C3AD3331 /* libPods-gushici.a in Frameworks */,
			);
			runOnlyForDeploymentPostprocessing = 0;
		};
/* End PBXFrameworksBuildPhase section */

/* Begin PBXGroup section */
		AFA44FD9C17C632D0292D528 /* Frameworks */ = {
			isa = PBXGroup;
			children = (
				ED8D547B01B79F5D740D2BCD /* libPods-gushici.a */,
			);
			name = Frameworks;
			sourceTree = "<group>";
		};
		B715FECB1F891BB40041ED5D /* PYSearch */ = {
			isa = PBXGroup;
			children = (
				B715FECC1F891BB40041ED5D /* NSBundle+PYSearchExtension.h */,
				B715FECD1F891BB40041ED5D /* NSBundle+PYSearchExtension.m */,
				B715FECE1F891BB40041ED5D /* PYSearch.bundle */,
				B715FECF1F891BB40041ED5D /* PYSearch.h */,
				B715FED01F891BB40041ED5D /* PYSearchConst.h */,
				B715FED11F891BB40041ED5D /* PYSearchConst.m */,
				B715FED21F891BB40041ED5D /* PYSearchSuggestionViewController.h */,
				B715FED31F891BB40041ED5D /* PYSearchSuggestionViewController.m */,
				B715FED41F891BB40041ED5D /* PYSearchViewController.h */,
				B715FED51F891BB40041ED5D /* PYSearchViewController.m */,
				B715FED61F891BB40041ED5D /* UIColor+PYSearchExtension.h */,
				B715FED71F891BB40041ED5D /* UIColor+PYSearchExtension.m */,
				B715FED81F891BB40041ED5D /* UIView+PYSearchExtension.h */,
				B715FED91F891BB40041ED5D /* UIView+PYSearchExtension.m */,
			);
			path = PYSearch;
			sourceTree = "<group>";
		};
		B721FF2A1E51F3EB006546E5 /* 诗文详情页 */ = {
			isa = PBXGroup;
			children = (
				B721FF2B1E51F416006546E5 /* GSDetailController.h */,
				B721FF2C1E51F416006546E5 /* GSDetailController.m */,
				B721FF3C1E520B63006546E5 /* GSDetailContent.h */,
				B721FF3D1E520B63006546E5 /* GSDetailContent.m */,
				B721FF3A1E51FE56006546E5 /* GSDetailContent.xib */,
				B72652F81E52CF8600D6CA5F /* Cell中文字自适应高度 */,
			);
			path = "诗文详情页";
			sourceTree = "<group>";
		};
		B72652F81E52CF8600D6CA5F /* Cell中文字自适应高度 */ = {
			isa = PBXGroup;
			children = (
				B72652FC1E52CF8600D6CA5F /* Model */,
				B72652FF1E52CF8600D6CA5F /* View */,
			);
			path = "Cell中文字自适应高度";
			sourceTree = "<group>";
		};
		B72652FC1E52CF8600D6CA5F /* Model */ = {
			isa = PBXGroup;
			children = (
				B72652FD1E52CF8600D6CA5F /* RemarksCellHeightModel.h */,
				B72652FE1E52CF8600D6CA5F /* RemarksCellHeightModel.m */,
			);
			path = Model;
			sourceTree = "<group>";
		};
		B72652FF1E52CF8600D6CA5F /* View */ = {
			isa = PBXGroup;
			children = (
				B72653001E52CF8600D6CA5F /* RemarksTableViewCell.h */,
				B72653011E52CF8600D6CA5F /* RemarksTableViewCell.m */,
			);
			path = View;
			sourceTree = "<group>";
		};
		B72653051E52DAD700D6CA5F /* HUD */ = {
			isa = PBXGroup;
			children = (
				B72653061E52DAD700D6CA5F /* NSObject+BoboHUD.h */,
				B72653071E52DAD700D6CA5F /* NSObject+BoboHUD.m */,
				B72653081E52DAD700D6CA5F /* UIViewController+SLHUD.h */,
				B72653091E52DAD700D6CA5F /* UIViewController+SLHUD.m */,
			);
			path = HUD;
			sourceTree = "<group>";
		};
		B72653311E55A6CB00D6CA5F /* 作者详情页 */ = {
			isa = PBXGroup;
			children = (
				B72653321E55A6CB00D6CA5F /* controller */,
				B72653331E55A6CB00D6CA5F /* model */,
				B72653341E55A6CB00D6CA5F /* view */,
			);
			path = "作者详情页";
			sourceTree = "<group>";
		};
		B72653321E55A6CB00D6CA5F /* controller */ = {
			isa = PBXGroup;
			children = (
				B72653351E55A6FF00D6CA5F /* GSAuthorDetailController.h */,
				B72653361E55A6FF00D6CA5F /* GSAuthorDetailController.m */,
			);
			path = controller;
			sourceTree = "<group>";
		};
		B72653331E55A6CB00D6CA5F /* model */ = {
			isa = PBXGroup;
			children = (
			);
			path = model;
			sourceTree = "<group>";
		};
		B72653341E55A6CB00D6CA5F /* view */ = {
			isa = PBXGroup;
			children = (
			);
			path = view;
			sourceTree = "<group>";
		};
		B75A47541E4F3A9200FCC0C5 = {
			isa = PBXGroup;
			children = (
				B75A475F1E4F3A9300FCC0C5 /* gushici */,
				B75A475E1E4F3A9300FCC0C5 /* Products */,
				FF574AE64003B92DCE3F4ED8 /* Pods */,
				AFA44FD9C17C632D0292D528 /* Frameworks */,
			);
			sourceTree = "<group>";
		};
		B75A475E1E4F3A9300FCC0C5 /* Products */ = {
			isa = PBXGroup;
			children = (
				B75A475D1E4F3A9300FCC0C5 /* gushici.app */,
			);
			name = Products;
			sourceTree = "<group>";
		};
		B75A475F1E4F3A9300FCC0C5 /* gushici */ = {
			isa = PBXGroup;
			children = (
				B75A47631E4F3A9300FCC0C5 /* AppDelegate.h */,
				B75A47641E4F3A9300FCC0C5 /* AppDelegate.m */,
				B75A47771E4F42E600FCC0C5 /* Class */,
				B75A47601E4F3A9300FCC0C5 /* Supporting Files */,
				B75A47891E4F43C300FCC0C5 /* PrefixHeader.pch */,
			);
			path = gushici;
			sourceTree = "<group>";
		};
		B75A47601E4F3A9300FCC0C5 /* Supporting Files */ = {
			isa = PBXGroup;
			children = (
				B726535F1E58443D00D6CA5F /* 方正清刻本悦宋简体.TTF */,
				B75A476C1E4F3A9300FCC0C5 /* Assets.xcassets */,
				B75A476E1E4F3A9300FCC0C5 /* LaunchScreen.storyboard */,
				B75A47711E4F3A9300FCC0C5 /* Info.plist */,
				B75A47611E4F3A9300FCC0C5 /* main.m */,
			);
			name = "Supporting Files";
			sourceTree = "<group>";
		};
		B75A47771E4F42E600FCC0C5 /* Class */ = {
			isa = PBXGroup;
			children = (
				B75A478A1E4F442C00FCC0C5 /* Main */,
				B75A47781E4F42E600FCC0C5 /* EveryDay */,
				B75A47841E4F42E600FCC0C5 /* ShiCi */,
				B75A47801E4F42E600FCC0C5 /* Search */,
				B75A477C1E4F42E600FCC0C5 /* Mine */,
				B75A47881E4F42E600FCC0C5 /* Tools */,
				B7A579DB1E6BF24E00326000 /* Source */,
			);
			path = Class;
			sourceTree = "<group>";
		};
		B75A47781E4F42E600FCC0C5 /* EveryDay */ = {
			isa = PBXGroup;
			children = (
				B72653311E55A6CB00D6CA5F /* 作者详情页 */,
				B721FF2A1E51F3EB006546E5 /* 诗文详情页 */,
				B75A47791E4F42E600FCC0C5 /* Controller */,
				B75A477A1E4F42E600FCC0C5 /* Model */,
				B75A477B1E4F42E600FCC0C5 /* View */,
			);
			path = EveryDay;
			sourceTree = "<group>";
		};
		B75A47791E4F42E600FCC0C5 /* Controller */ = {
			isa = PBXGroup;
			children = (
				B75A47D01E4F473000FCC0C5 /* GSEveryDayViewController.h */,
				B75A47D11E4F473000FCC0C5 /* GSEveryDayViewController.m */,
			);
			path = Controller;
			sourceTree = "<group>";
		};
		B75A477A1E4F42E600FCC0C5 /* Model */ = {
			isa = PBXGroup;
			children = (
				B75A47E71E5005AD00FCC0C5 /* GSGushiContentModel.h */,
				B75A47E81E5005AD00FCC0C5 /* GSGushiContentModel.m */,
			);
			path = Model;
			sourceTree = "<group>";
		};
		B75A477B1E4F42E600FCC0C5 /* View */ = {
			isa = PBXGroup;
			children = (
				B75A47DB1E4F6D8100FCC0C5 /* GSCustomCardView.h */,
				B75A47DC1E4F6D8100FCC0C5 /* GSCustomCardView.m */,
				B75A47E01E4F6F9E00FCC0C5 /* GushiContent.h */,
				B75A47E11E4F6F9E00FCC0C5 /* GushiContent.m */,
				B75A47DE1E4F6F8000FCC0C5 /* GushiContent.xib */,
			);
			path = View;
			sourceTree = "<group>";
		};
		B75A477C1E4F42E600FCC0C5 /* Mine */ = {
			isa = PBXGroup;
			children = (
				B75A477D1E4F42E600FCC0C5 /* Controller */,
				B75A477E1E4F42E600FCC0C5 /* Model */,
				B75A477F1E4F42E600FCC0C5 /* View */,
			);
			path = Mine;
			sourceTree = "<group>";
		};
		B75A477D1E4F42E600FCC0C5 /* Controller */ = {
			isa = PBXGroup;
			children = (
				B75A48171E51CCAD00FCC0C5 /* GSMineController.h */,
				B75A48181E51CCAD00FCC0C5 /* GSMineController.m */,
				B782A8B21E5C904E000B8CA2 /* GSHistoryTableVC.h */,
				B782A8B31E5C904E000B8CA2 /* GSHistoryTableVC.m */,
				B7F005BB1E5F22FF0057DEBC /* GSAboutMeController.h */,
				B7F005BC1E5F22FF0057DEBC /* GSAboutMeController.m */,
				B7F005BD1E5F22FF0057DEBC /* GSAboutMeController.xib */,
			);
			path = Controller;
			sourceTree = "<group>";
		};
		B75A477E1E4F42E600FCC0C5 /* Model */ = {
			isa = PBXGroup;
			children = (
			);
			path = Model;
			sourceTree = "<group>";
		};
		B75A477F1E4F42E600FCC0C5 /* View */ = {
			isa = PBXGroup;
			children = (
			);
			path = View;
			sourceTree = "<group>";
		};
		B75A47801E4F42E600FCC0C5 /* Search */ = {
			isa = PBXGroup;
			children = (
				B715FECB1F891BB40041ED5D /* PYSearch */,
				B75A47811E4F42E600FCC0C5 /* Controller */,
				B75A47831E4F42E600FCC0C5 /* View */,
			);
			path = Search;
			sourceTree = "<group>";
		};
		B75A47811E4F42E600FCC0C5 /* Controller */ = {
			isa = PBXGroup;
			children = (
				B75A48001E508BC200FCC0C5 /* GSSearchController.h */,
				B75A48011E508BC200FCC0C5 /* GSSearchController.m */,
				B78FF7881E588923007EDD2A /* GSClickSearchViewController.h */,
				B78FF7891E588923007EDD2A /* GSClickSearchViewController.m */,
				B78FF78D1E588D10007EDD2A /* GSSearchGushiController.h */,
				B78FF78E1E588D10007EDD2A /* GSSearchGushiController.m */,
			);
			path = Controller;
			sourceTree = "<group>";
		};
		B75A47831E4F42E600FCC0C5 /* View */ = {
			isa = PBXGroup;
			children = (
				B75A48031E50A51700FCC0C5 /* GSSearchSuggestionView.h */,
				B75A48041E50A51700FCC0C5 /* GSSearchSuggestionView.m */,
				B75A48061E50A52000FCC0C5 /* GSSearchSuggestionView.xib */,
			);
			path = View;
			sourceTree = "<group>";
		};
		B75A47841E4F42E600FCC0C5 /* ShiCi */ = {
			isa = PBXGroup;
			children = (
				B75A47851E4F42E600FCC0C5 /* Controller */,
				B75A47861E4F42E600FCC0C5 /* Model */,
				B75A47871E4F42E600FCC0C5 /* View */,
				B75A480B1E51952200FCC0C5 /* other */,
			);
			path = ShiCi;
			sourceTree = "<group>";
		};
		B75A47851E4F42E600FCC0C5 /* Controller */ = {
			isa = PBXGroup;
			children = (
				B726530C1E52F6D800D6CA5F /* GSShiwenController.h */,
				B726530D1E52F6D800D6CA5F /* GSShiwenController.m */,
				B726530F1E52FF0B00D6CA5F /* GSGushiwenController.h */,
				B72653101E52FF0B00D6CA5F /* GSGushiwenController.m */,
				B72653121E52FF1800D6CA5F /* GSMingjuController.h */,
				B72653131E52FF1800D6CA5F /* GSMingjuController.m */,
				B72653151E52FF2400D6CA5F /* GSAuthorController.h */,
				B72653161E52FF2400D6CA5F /* GSAuthorController.m */,
				B72653231E54499800D6CA5F /* GSPickController.h */,
				B72653241E54499800D6CA5F /* GSPickController.m */,
			);
			path = Controller;
			sourceTree = "<group>";
		};
		B75A47861E4F42E600FCC0C5 /* Model */ = {
			isa = PBXGroup;
			children = (
				B72653261E548C8600D6CA5F /* LEECellModel.h */,
				B72653271E548C8600D6CA5F /* LEECellModel.m */,
			);
			path = Model;
			sourceTree = "<group>";
		};
		B75A47871E4F42E600FCC0C5 /* View */ = {
			isa = PBXGroup;
			children = (
				B726531B1E53246F00D6CA5F /* GSBaseTableViewCell.h */,
				B726531C1E53246F00D6CA5F /* GSBaseTableViewCell.m */,
				B726531D1E53246F00D6CA5F /* GSBaseTableViewCell.xib */,
				B726532B1E54999F00D6CA5F /* ThreeTableView.h */,
				B726532C1E54999F00D6CA5F /* ThreeTableView.m */,
				B72653291E5497C600D6CA5F /* ThreeTableView.xib */,
			);
			path = View;
			sourceTree = "<group>";
		};
		B75A47881E4F42E600FCC0C5 /* Tools */ = {
			isa = PBXGroup;
			children = (
				B782A8AE1E5C6EF4000B8CA2 /* SQLiteTools */,
				B72653051E52DAD700D6CA5F /* HUD */,
				B75A47E31E4F700200FCC0C5 /* Theme */,
				B75A47C91E4F46AE00FCC0C5 /* Network */,
				B75A478E1E4F45BD00FCC0C5 /* Additions */,
			);
			path = Tools;
			sourceTree = "<group>";
		};
		B75A478A1E4F442C00FCC0C5 /* Main */ = {
			isa = PBXGroup;
			children = (
				B75A47D31E4F671C00FCC0C5 /* CCDraggableCard */,
				B75A478B1E4F442C00FCC0C5 /* Controller */,
			);
			path = Main;
			sourceTree = "<group>";
		};
		B75A478B1E4F442C00FCC0C5 /* Controller */ = {
			isa = PBXGroup;
			children = (
				B75A478C1E4F445900FCC0C5 /* Main.storyboard */,
				B75A481A1E51D07B00FCC0C5 /* GSBaseController.h */,
				B75A481B1E51D07B00FCC0C5 /* GSBaseController.m */,
				B721FF2E1E51FA31006546E5 /* GSBaseNavController.h */,
				B721FF2F1E51FA31006546E5 /* GSBaseNavController.m */,
				B7C036431F63AC200032311C /* GSTabBarController.h */,
				B7C036441F63AC200032311C /* GSTabBarController.m */,
				B715FEAA1F8916140041ED5D /* GSBaseTableViewController.h */,
				B715FEAB1F8916140041ED5D /* GSBaseTableViewController.m */,
			);
			path = Controller;
			sourceTree = "<group>";
		};
		B75A478E1E4F45BD00FCC0C5 /* Additions */ = {
			isa = PBXGroup;
			children = (
				B75A478F1E4F45BD00FCC0C5 /* CZAdditions.h */,
				B75A47901E4F45BD00FCC0C5 /* NSArray+Log.h */,
				B75A47911E4F45BD00FCC0C5 /* NSArray+Log.m */,
				B75A47921E4F45BD00FCC0C5 /* NSAttributedString+CZAdditon.h */,
				B75A47931E4F45BD00FCC0C5 /* NSAttributedString+CZAdditon.m */,
				B75A47941E4F45BD00FCC0C5 /* NSObject+CZRuntime.h */,
				B75A47951E4F45BD00FCC0C5 /* NSObject+CZRuntime.m */,
				B72653201E53573300D6CA5F /* NSString+pinyin.h */,
				B72653211E53573300D6CA5F /* NSString+pinyin.m */,
				B75A47961E4F45BD00FCC0C5 /* NSString+CZBase64.h */,
				B75A47971E4F45BD00FCC0C5 /* NSString+CZBase64.m */,
				B75A47981E4F45BD00FCC0C5 /* NSString+CZHash.h */,
				B75A47991E4F45BD00FCC0C5 /* NSString+CZHash.m */,
				B75A479A1E4F45BD00FCC0C5 /* NSString+CZPath.h */,
				B75A479B1E4F45BD00FCC0C5 /* NSString+CZPath.m */,
				B75A479C1E4F45BD00FCC0C5 /* UIBarButtonItem+Item.h */,
				B75A479D1E4F45BD00FCC0C5 /* UIBarButtonItem+Item.m */,
				B75A479E1E4F45BD00FCC0C5 /* UIButton+CZAddition.h */,
				B75A479F1E4F45BD00FCC0C5 /* UIButton+CZAddition.m */,
				B75A47A01E4F45BD00FCC0C5 /* UIColor+CZAddition.h */,
				B75A47A11E4F45BD00FCC0C5 /* UIColor+CZAddition.m */,
				B75A47A21E4F45BD00FCC0C5 /* UIImage+Antialias.h */,
				B75A47A31E4F45BD00FCC0C5 /* UIImage+Antialias.m */,
				B75A47A41E4F45BD00FCC0C5 /* UIImage+Image.h */,
				B75A47A51E4F45BD00FCC0C5 /* UIImage+Image.m */,
				B75A47A81E4F45BD00FCC0C5 /* UILabel+CZAddition.h */,
				B75A47A91E4F45BD00FCC0C5 /* UILabel+CZAddition.m */,
				B782A8AB1E5AEC94000B8CA2 /* UITextView+Addition.h */,
				B782A8AC1E5AEC94000B8CA2 /* UITextView+Addition.m */,
				B75A47AA1E4F45BD00FCC0C5 /* UIScreen+CZAddition.h */,
				B75A47AB1E4F45BD00FCC0C5 /* UIScreen+CZAddition.m */,
				B75A47AC1E4F45BD00FCC0C5 /* UITextField+Placeholder.h */,
				B75A47AD1E4F45BD00FCC0C5 /* UITextField+Placeholder.m */,
				B75A47AE1E4F45BD00FCC0C5 /* UIView+CZAddition.h */,
				B75A47AF1E4F45BD00FCC0C5 /* UIView+CZAddition.m */,
				B75A47B01E4F45BD00FCC0C5 /* UIView+Frame.h */,
				B75A47B11E4F45BD00FCC0C5 /* UIView+Frame.m */,
				B75A47B21E4F45BD00FCC0C5 /* UIView+UIView_UIViewController.h */,
				B75A47B31E4F45BD00FCC0C5 /* UIView+UIView_UIViewController.m */,
				B75A47B41E4F45BD00FCC0C5 /* UIViewController+CZAddition.h */,
				B75A47B51E4F45BD00FCC0C5 /* UIViewController+CZAddition.m */,
			);
			path = Additions;
			sourceTree = "<group>";
		};
		B75A47C91E4F46AE00FCC0C5 /* Network */ = {
			isa = PBXGroup;
			children = (
				B75A47CA1E4F46AE00FCC0C5 /* LEEHTTPManager.h */,
				B75A47CB1E4F46AE00FCC0C5 /* LEEHTTPManager.m */,
				B75A47CC1E4F46AE00FCC0C5 /* Reachability.h */,
				B75A47CD1E4F46AE00FCC0C5 /* Reachability.m */,
			);
			path = Network;
			sourceTree = "<group>";
		};
		B75A47D31E4F671C00FCC0C5 /* CCDraggableCard */ = {
			isa = PBXGroup;
			children = (
				B75A47D41E4F671C00FCC0C5 /* CCDraggableCardView.h */,
				B75A47D51E4F671C00FCC0C5 /* CCDraggableCardView.m */,
				B75A47D61E4F671C00FCC0C5 /* CCDraggableConfig.h */,
				B75A47D71E4F671C00FCC0C5 /* CCDraggableContainer.h */,
				B75A47D81E4F671C00FCC0C5 /* CCDraggableContainer.m */,
			);
			path = CCDraggableCard;
			sourceTree = "<group>";
		};
		B75A47E31E4F700200FCC0C5 /* Theme */ = {
			isa = PBXGroup;
			children = (
				B75A48141E51C97200FCC0C5 /* GSTheme.h */,
				B75A48151E51C97200FCC0C5 /* GSTheme.m */,
			);
			path = Theme;
			sourceTree = "<group>";
		};
		B75A480B1E51952200FCC0C5 /* other */ = {
			isa = PBXGroup;
			children = (
				B75A480C1E5195A900FCC0C5 /* Gushitype.plist */,
				B75A480E1E51985A00FCC0C5 /* chaodai.plist */,
				B75A48101E5198CB00FCC0C5 /* form.plist */,
				B75A48121E519B7800FCC0C5 /* mingjuTheme.plist */,
			);
			name = other;
			path = View/other;
			sourceTree = "<group>";
		};
		B782A8AE1E5C6EF4000B8CA2 /* SQLiteTools */ = {
			isa = PBXGroup;
			children = (
				B782A8AF1E5C6EF4000B8CA2 /* GSSQLiteTools.h */,
				B782A8B01E5C6EF4000B8CA2 /* GSSQLiteTools.m */,
			);
			path = SQLiteTools;
			sourceTree = "<group>";
		};
		B7A579DB1E6BF24E00326000 /* Source */ = {
			isa = PBXGroup;
			children = (
				B7A579E01E6BF26E00326000 /* Localizable.strings */,
				B7A579E71E6BF50600326000 /* InfoPlist.strings */,
			);
			path = Source;
			sourceTree = "<group>";
		};
		FF574AE64003B92DCE3F4ED8 /* Pods */ = {
			isa = PBXGroup;
			children = (
				C92E1C5FDAE68782CCA88BC4 /* Pods-gushici.debug.xcconfig */,
				2B8CD5E0670E1C9FFE2336FC /* Pods-gushici.release.xcconfig */,
			);
			name = Pods;
			sourceTree = "<group>";
		};
/* End PBXGroup section */

/* Begin PBXNativeTarget section */
		B75A475C1E4F3A9200FCC0C5 /* gushici */ = {
			isa = PBXNativeTarget;
			buildConfigurationList = B75A47741E4F3A9300FCC0C5 /* Build configuration list for PBXNativeTarget "gushici" */;
			buildPhases = (
				CBB5CE30512A0C2E01429F3E /* [CP] Check Pods Manifest.lock */,
				B75A47591E4F3A9200FCC0C5 /* Sources */,
				B75A475A1E4F3A9200FCC0C5 /* Frameworks */,
				B75A475B1E4F3A9200FCC0C5 /* Resources */,
				38B5DBE1AB520F35477B5898 /* [CP] Embed Pods Frameworks */,
				FCD772636183597E1013064E /* [CP] Copy Pods Resources */,
			);
			buildRules = (
			);
			dependencies = (
			);
			name = gushici;
			productName = gushici;
			productReference = B75A475D1E4F3A9300FCC0C5 /* gushici.app */;
			productType = "com.apple.product-type.application";
		};
/* End PBXNativeTarget section */

/* Begin PBXProject section */
		B75A47551E4F3A9200FCC0C5 /* Project object */ = {
			isa = PBXProject;
			attributes = {
				CLASSPREFIX = GS;
				LastUpgradeCheck = 0810;
				ORGANIZATIONNAME = lijiangbo;
				TargetAttributes = {
					B75A475C1E4F3A9200FCC0C5 = {
						CreatedOnToolsVersion = 8.1;
						DevelopmentTeam = 47W28PSMV7;
						ProvisioningStyle = Automatic;
					};
				};
			};
			buildConfigurationList = B75A47581E4F3A9200FCC0C5 /* Build configuration list for PBXProject "gushici" */;
			compatibilityVersion = "Xcode 3.2";
			developmentRegion = English;
			hasScannedForEncodings = 0;
			knownRegions = (
				en,
				Base,
				"zh-Hans",
			);
			mainGroup = B75A47541E4F3A9200FCC0C5;
			productRefGroup = B75A475E1E4F3A9300FCC0C5 /* Products */;
			projectDirPath = "";
			projectRoot = "";
			targets = (
				B75A475C1E4F3A9200FCC0C5 /* gushici */,
			);
		};
/* End PBXProject section */

/* Begin PBXResourcesBuildPhase section */
		B75A475B1E4F3A9200FCC0C5 /* Resources */ = {
			isa = PBXResourcesBuildPhase;
			buildActionMask = 2147483647;
			files = (
				B715FEE01F891CD60041ED5D /* PYSearch.bundle in Resources */,
				B75A480F1E51985A00FCC0C5 /* chaodai.plist in Resources */,
				B75A47DF1E4F6F8000FCC0C5 /* GushiContent.xib in Resources */,
				B726532A1E5497C600D6CA5F /* ThreeTableView.xib in Resources */,
				B72653601E58443D00D6CA5F /* 方正清刻本悦宋简体.TTF in Resources */,
				B7A579E51E6BF50600326000 /* InfoPlist.strings in Resources */,
				B7F005BF1E5F22FF0057DEBC /* GSAboutMeController.xib in Resources */,
				B721FF3B1E51FE56006546E5 /* GSDetailContent.xib in Resources */,
				B726531F1E53246F00D6CA5F /* GSBaseTableViewCell.xib in Resources */,
				B75A48071E50A52000FCC0C5 /* GSSearchSuggestionView.xib in Resources */,
				B75A480D1E5195A900FCC0C5 /* Gushitype.plist in Resources */,
				B75A478D1E4F445900FCC0C5 /* Main.storyboard in Resources */,
				B75A48111E5198CB00FCC0C5 /* form.plist in Resources */,
				B75A47701E4F3A9300FCC0C5 /* LaunchScreen.storyboard in Resources */,
				B7A579DE1E6BF26E00326000 /* Localizable.strings in Resources */,
				B75A48131E519B7800FCC0C5 /* mingjuTheme.plist in Resources */,
				B75A476D1E4F3A9300FCC0C5 /* Assets.xcassets in Resources */,
			);
			runOnlyForDeploymentPostprocessing = 0;
		};
/* End PBXResourcesBuildPhase section */

/* Begin PBXShellScriptBuildPhase section */
		38B5DBE1AB520F35477B5898 /* [CP] Embed Pods Frameworks */ = {
			isa = PBXShellScriptBuildPhase;
			buildActionMask = 2147483647;
			files = (
			);
			inputPaths = (
			);
			name = "[CP] Embed Pods Frameworks";
			outputPaths = (
			);
			runOnlyForDeploymentPostprocessing = 0;
			shellPath = /bin/sh;
			shellScript = "\"${SRCROOT}/Pods/Target Support Files/Pods-gushici/Pods-gushici-frameworks.sh\"\n";
			showEnvVarsInLog = 0;
		};
		CBB5CE30512A0C2E01429F3E /* [CP] Check Pods Manifest.lock */ = {
			isa = PBXShellScriptBuildPhase;
			buildActionMask = 2147483647;
			files = (
			);
			inputPaths = (
			);
			name = "[CP] Check Pods Manifest.lock";
			outputPaths = (
			);
			runOnlyForDeploymentPostprocessing = 0;
			shellPath = /bin/sh;
			shellScript = "diff \"${PODS_PODFILE_DIR_PATH}/Podfile.lock\" \"${PODS_ROOT}/Manifest.lock\" > /dev/null\nif [ $? != 0 ] ; then\n    # print error to STDERR\n    echo \"error: The sandbox is not in sync with the Podfile.lock. Run 'pod install' or update your CocoaPods installation.\" >&2\n    exit 1\nfi\n";
			showEnvVarsInLog = 0;
		};
		FCD772636183597E1013064E /* [CP] Copy Pods Resources */ = {
			isa = PBXShellScriptBuildPhase;
			buildActionMask = 2147483647;
			files = (
			);
			inputPaths = (
			);
			name = "[CP] Copy Pods Resources";
			outputPaths = (
			);
			runOnlyForDeploymentPostprocessing = 0;
			shellPath = /bin/sh;
			shellScript = "\"${SRCROOT}/Pods/Target Support Files/Pods-gushici/Pods-gushici-resources.sh\"\n";
			showEnvVarsInLog = 0;
		};
/* End PBXShellScriptBuildPhase section */

/* Begin PBXSourcesBuildPhase section */
		B75A47591E4F3A9200FCC0C5 /* Sources */ = {
			isa = PBXSourcesBuildPhase;
			buildActionMask = 2147483647;
			files = (
				B715FEDA1F891C5B0041ED5D /* NSBundle+PYSearchExtension.m in Sources */,
				B715FEDB1F891C5B0041ED5D /* PYSearchConst.m in Sources */,
				B715FEDC1F891C5B0041ED5D /* PYSearchSuggestionViewController.m in Sources */,
				B715FEDD1F891C5B0041ED5D /* PYSearchViewController.m in Sources */,
				B715FEDE1F891C5B0041ED5D /* UIColor+PYSearchExtension.m in Sources */,
				B715FEDF1F891C5B0041ED5D /* UIView+PYSearchExtension.m in Sources */,
				B721FF3E1E520B63006546E5 /* GSDetailContent.m in Sources */,
				B7F005BE1E5F22FF0057DEBC /* GSAboutMeController.m in Sources */,
				B75A47B71E4F45BD00FCC0C5 /* NSAttributedString+CZAdditon.m in Sources */,
				B72653371E55A6FF00D6CA5F /* GSAuthorDetailController.m in Sources */,
				B72653031E52CF8600D6CA5F /* RemarksCellHeightModel.m in Sources */,
				B721FF301E51FA31006546E5 /* GSBaseNavController.m in Sources */,
				B72653171E52FF2400D6CA5F /* GSAuthorController.m in Sources */,
				B75A47DD1E4F6D8100FCC0C5 /* GSCustomCardView.m in Sources */,
				B75A47BC1E4F45BD00FCC0C5 /* UIBarButtonItem+Item.m in Sources */,
				B75A47C31E4F45BD00FCC0C5 /* UIScreen+CZAddition.m in Sources */,
				B72653281E548C8600D6CA5F /* LEECellModel.m in Sources */,
				B726530B1E52DAD700D6CA5F /* UIViewController+SLHUD.m in Sources */,
				B75A47BD1E4F45BD00FCC0C5 /* UIButton+CZAddition.m in Sources */,
				B782A8B11E5C6EF4000B8CA2 /* GSSQLiteTools.m in Sources */,
				B75A47D91E4F671C00FCC0C5 /* CCDraggableCardView.m in Sources */,
				B75A47C41E4F45BD00FCC0C5 /* UITextField+Placeholder.m in Sources */,
				B72653141E52FF1800D6CA5F /* GSMingjuController.m in Sources */,
				B75A47BB1E4F45BD00FCC0C5 /* NSString+CZPath.m in Sources */,
				B75A47BF1E4F45BD00FCC0C5 /* UIImage+Antialias.m in Sources */,
				B75A47B61E4F45BD00FCC0C5 /* NSArray+Log.m in Sources */,
				B75A47651E4F3A9300FCC0C5 /* AppDelegate.m in Sources */,
				B75A47C01E4F45BD00FCC0C5 /* UIImage+Image.m in Sources */,
				B72653221E53573300D6CA5F /* NSString+pinyin.m in Sources */,
				B75A47C61E4F45BD00FCC0C5 /* UIView+Frame.m in Sources */,
				B75A47D21E4F473000FCC0C5 /* GSEveryDayViewController.m in Sources */,
				B75A47E91E5005AD00FCC0C5 /* GSGushiContentModel.m in Sources */,
				B75A48191E51CCAD00FCC0C5 /* GSMineController.m in Sources */,
				B75A47C71E4F45BD00FCC0C5 /* UIView+UIView_UIViewController.m in Sources */,
				B726530E1E52F6D800D6CA5F /* GSShiwenController.m in Sources */,
				B75A47BA1E4F45BD00FCC0C5 /* NSString+CZHash.m in Sources */,
				B78FF78B1E588923007EDD2A /* GSClickSearchViewController.m in Sources */,
				B75A47BE1E4F45BD00FCC0C5 /* UIColor+CZAddition.m in Sources */,
				B72653041E52CF8600D6CA5F /* RemarksTableViewCell.m in Sources */,
				B75A47CF1E4F46AE00FCC0C5 /* Reachability.m in Sources */,
				B75A48161E51C97200FCC0C5 /* GSTheme.m in Sources */,
				B75A47B91E4F45BD00FCC0C5 /* NSString+CZBase64.m in Sources */,
				B72653251E54499800D6CA5F /* GSPickController.m in Sources */,
				B75A48051E50A51700FCC0C5 /* GSSearchSuggestionView.m in Sources */,
				B75A47DA1E4F671C00FCC0C5 /* CCDraggableContainer.m in Sources */,
				B7C036451F63AC200032311C /* GSTabBarController.m in Sources */,
				B75A47C21E4F45BD00FCC0C5 /* UILabel+CZAddition.m in Sources */,
				B75A47C51E4F45BD00FCC0C5 /* UIView+CZAddition.m in Sources */,
				B75A47C81E4F45BD00FCC0C5 /* UIViewController+CZAddition.m in Sources */,
				B782A8B41E5C904E000B8CA2 /* GSHistoryTableVC.m in Sources */,
				B715FEAC1F8916140041ED5D /* GSBaseTableViewController.m in Sources */,
				B75A47CE1E4F46AE00FCC0C5 /* LEEHTTPManager.m in Sources */,
				B721FF2D1E51F416006546E5 /* GSDetailController.m in Sources */,
				B75A47B81E4F45BD00FCC0C5 /* NSObject+CZRuntime.m in Sources */,
				B726530A1E52DAD700D6CA5F /* NSObject+BoboHUD.m in Sources */,
				B75A48021E508BC200FCC0C5 /* GSSearchController.m in Sources */,
				B75A47621E4F3A9300FCC0C5 /* main.m in Sources */,
				B75A481C1E51D07B00FCC0C5 /* GSBaseController.m in Sources */,
				B75A47E21E4F6F9E00FCC0C5 /* GushiContent.m in Sources */,
				B726531E1E53246F00D6CA5F /* GSBaseTableViewCell.m in Sources */,
				B726532D1E54999F00D6CA5F /* ThreeTableView.m in Sources */,
				B78FF78F1E588D10007EDD2A /* GSSearchGushiController.m in Sources */,
				B72653111E52FF0B00D6CA5F /* GSGushiwenController.m in Sources */,
				B782A8AD1E5AEC94000B8CA2 /* UITextView+Addition.m in Sources */,
			);
			runOnlyForDeploymentPostprocessing = 0;
		};
/* End PBXSourcesBuildPhase section */

/* Begin PBXVariantGroup section */
		B75A476E1E4F3A9300FCC0C5 /* LaunchScreen.storyboard */ = {
			isa = PBXVariantGroup;
			children = (
				B75A476F1E4F3A9300FCC0C5 /* Base */,
			);
			name = LaunchScreen.storyboard;
			sourceTree = "<group>";
		};
		B7A579E01E6BF26E00326000 /* Localizable.strings */ = {
			isa = PBXVariantGroup;
			children = (
				B7A579DF1E6BF26E00326000 /* Base */,
				B7A579E11E6BF27100326000 /* en */,
				B7A579E21E6BF2A400326000 /* zh-Hans */,
			);
			name = Localizable.strings;
			sourceTree = "<group>";
		};
		B7A579E71E6BF50600326000 /* InfoPlist.strings */ = {
			isa = PBXVariantGroup;
			children = (
				B7A579E61E6BF50600326000 /* Base */,
				B7A579E81E6BF50900326000 /* en */,
				B7A579E91E6BF50A00326000 /* zh-Hans */,
			);
			name = InfoPlist.strings;
			sourceTree = "<group>";
		};
/* End PBXVariantGroup section */

/* Begin XCBuildConfiguration section */
		B75A47721E4F3A9300FCC0C5 /* Debug */ = {
			isa = XCBuildConfiguration;
			buildSettings = {
				ALWAYS_SEARCH_USER_PATHS = NO;
				CLANG_ANALYZER_LOCALIZABILITY_NONLOCALIZED = YES;
				CLANG_ANALYZER_NONNULL = YES;
				CLANG_CXX_LANGUAGE_STANDARD = "gnu++0x";
				CLANG_CXX_LIBRARY = "libc++";
				CLANG_ENABLE_MODULES = YES;
				CLANG_ENABLE_OBJC_ARC = YES;
				CLANG_WARN_BOOL_CONVERSION = YES;
				CLANG_WARN_CONSTANT_CONVERSION = YES;
				CLANG_WARN_DIRECT_OBJC_ISA_USAGE = YES_ERROR;
				CLANG_WARN_DOCUMENTATION_COMMENTS = YES;
				CLANG_WARN_EMPTY_BODY = YES;
				CLANG_WARN_ENUM_CONVERSION = YES;
				CLANG_WARN_INFINITE_RECURSION = YES;
				CLANG_WARN_INT_CONVERSION = YES;
				CLANG_WARN_OBJC_ROOT_CLASS = YES_ERROR;
				CLANG_WARN_SUSPICIOUS_MOVE = YES;
				CLANG_WARN_SUSPICIOUS_MOVES = YES;
				CLANG_WARN_UNREACHABLE_CODE = YES;
				CLANG_WARN__DUPLICATE_METHOD_MATCH = YES;
				"CODE_SIGN_IDENTITY[sdk=iphoneos*]" = "iPhone Developer";
				COPY_PHASE_STRIP = NO;
				DEBUG_INFORMATION_FORMAT = dwarf;
				ENABLE_STRICT_OBJC_MSGSEND = YES;
				ENABLE_TESTABILITY = YES;
				GCC_C_LANGUAGE_STANDARD = gnu99;
				GCC_DYNAMIC_NO_PIC = NO;
				GCC_NO_COMMON_BLOCKS = YES;
				GCC_OPTIMIZATION_LEVEL = 0;
				GCC_PREPROCESSOR_DEFINITIONS = (
					"DEBUG=1",
					"$(inherited)",
				);
				GCC_WARN_64_TO_32_BIT_CONVERSION = YES;
				GCC_WARN_ABOUT_RETURN_TYPE = YES_ERROR;
				GCC_WARN_UNDECLARED_SELECTOR = YES;
				GCC_WARN_UNINITIALIZED_AUTOS = YES_AGGRESSIVE;
				GCC_WARN_UNUSED_FUNCTION = YES;
				GCC_WARN_UNUSED_VARIABLE = YES;
				IPHONEOS_DEPLOYMENT_TARGET = 8.0;
				MTL_ENABLE_DEBUG_INFO = YES;
				ONLY_ACTIVE_ARCH = YES;
				SDKROOT = iphoneos;
				TARGETED_DEVICE_FAMILY = "1,2";
			};
			name = Debug;
		};
		B75A47731E4F3A9300FCC0C5 /* Release */ = {
			isa = XCBuildConfiguration;
			buildSettings = {
				ALWAYS_SEARCH_USER_PATHS = NO;
				CLANG_ANALYZER_LOCALIZABILITY_NONLOCALIZED = YES;
				CLANG_ANALYZER_NONNULL = YES;
				CLANG_CXX_LANGUAGE_STANDARD = "gnu++0x";
				CLANG_CXX_LIBRARY = "libc++";
				CLANG_ENABLE_MODULES = YES;
				CLANG_ENABLE_OBJC_ARC = YES;
				CLANG_WARN_BOOL_CONVERSION = YES;
				CLANG_WARN_CONSTANT_CONVERSION = YES;
				CLANG_WARN_DIRECT_OBJC_ISA_USAGE = YES_ERROR;
				CLANG_WARN_DOCUMENTATION_COMMENTS = YES;
				CLANG_WARN_EMPTY_BODY = YES;
				CLANG_WARN_ENUM_CONVERSION = YES;
				CLANG_WARN_INFINITE_RECURSION = YES;
				CLANG_WARN_INT_CONVERSION = YES;
				CLANG_WARN_OBJC_ROOT_CLASS = YES_ERROR;
				CLANG_WARN_SUSPICIOUS_MOVE = YES;
				CLANG_WARN_SUSPICIOUS_MOVES = YES;
				CLANG_WARN_UNREACHABLE_CODE = YES;
				CLANG_WARN__DUPLICATE_METHOD_MATCH = YES;
				"CODE_SIGN_IDENTITY[sdk=iphoneos*]" = "iPhone Developer";
				COPY_PHASE_STRIP = NO;
				DEBUG_INFORMATION_FORMAT = "dwarf-with-dsym";
				ENABLE_NS_ASSERTIONS = NO;
				ENABLE_STRICT_OBJC_MSGSEND = YES;
				GCC_C_LANGUAGE_STANDARD = gnu99;
				GCC_NO_COMMON_BLOCKS = YES;
				GCC_WARN_64_TO_32_BIT_CONVERSION = YES;
				GCC_WARN_ABOUT_RETURN_TYPE = YES_ERROR;
				GCC_WARN_UNDECLARED_SELECTOR = YES;
				GCC_WARN_UNINITIALIZED_AUTOS = YES_AGGRESSIVE;
				GCC_WARN_UNUSED_FUNCTION = YES;
				GCC_WARN_UNUSED_VARIABLE = YES;
				IPHONEOS_DEPLOYMENT_TARGET = 8.0;
				MTL_ENABLE_DEBUG_INFO = NO;
				SDKROOT = iphoneos;
				TARGETED_DEVICE_FAMILY = "1,2";
				VALIDATE_PRODUCT = YES;
			};
			name = Release;
		};
		B75A47751E4F3A9300FCC0C5 /* Debug */ = {
			isa = XCBuildConfiguration;
			baseConfigurationReference = C92E1C5FDAE68782CCA88BC4 /* Pods-gushici.debug.xcconfig */;
			buildSettings = {
				ASSETCATALOG_COMPILER_APPICON_NAME = AppIcon;
				ASSETCATALOG_COMPILER_LAUNCHIMAGE_NAME = LaunchImage;
				CODE_SIGN_IDENTITY = "iPhone Distribution: lijiangbo lijiangbo (47W28PSMV7)";
				"CODE_SIGN_IDENTITY[sdk=iphoneos*]" = "iPhone Developer";
				DEVELOPMENT_TEAM = 47W28PSMV7;
				GCC_PREFIX_HEADER = "$(PRODUCT_NAME)/PrefixHeader.pch";
				INFOPLIST_FILE = gushici/Info.plist;
				IPHONEOS_DEPLOYMENT_TARGET = 8.0;
				LD_RUNPATH_SEARCH_PATHS = "$(inherited) @executable_path/Frameworks";
				PRODUCT_BUNDLE_IDENTIFIER = cn.lijiangbo.gushici;
				PRODUCT_NAME = "$(TARGET_NAME)";
				PROVISIONING_PROFILE = "";
				PROVISIONING_PROFILE_SPECIFIER = "";
				TARGETED_DEVICE_FAMILY = 1;
			};
			name = Debug;
		};
		B75A47761E4F3A9300FCC0C5 /* Release */ = {
			isa = XCBuildConfiguration;
			baseConfigurationReference = 2B8CD5E0670E1C9FFE2336FC /* Pods-gushici.release.xcconfig */;
			buildSettings = {
				ASSETCATALOG_COMPILER_APPICON_NAME = AppIcon;
				ASSETCATALOG_COMPILER_LAUNCHIMAGE_NAME = LaunchImage;
				CODE_SIGN_IDENTITY = "iPhone Distribution: lijiangbo lijiangbo (47W28PSMV7)";
				"CODE_SIGN_IDENTITY[sdk=iphoneos*]" = "iPhone Developer";
				DEVELOPMENT_TEAM = 47W28PSMV7;
				GCC_PREFIX_HEADER = "$(PRODUCT_NAME)/PrefixHeader.pch";
				INFOPLIST_FILE = gushici/Info.plist;
				IPHONEOS_DEPLOYMENT_TARGET = 8.0;
				LD_RUNPATH_SEARCH_PATHS = "$(inherited) @executable_path/Frameworks";
				PRODUCT_BUNDLE_IDENTIFIER = cn.lijiangbo.gushici;
				PRODUCT_NAME = "$(TARGET_NAME)";
				PROVISIONING_PROFILE = "";
				PROVISIONING_PROFILE_SPECIFIER = "";
				TARGETED_DEVICE_FAMILY = 1;
			};
			name = Release;
		};
/* End XCBuildConfiguration section */

/* Begin XCConfigurationList section */
		B75A47581E4F3A9200FCC0C5 /* Build configuration list for PBXProject "gushici" */ = {
			isa = XCConfigurationList;
			buildConfigurations = (
				B75A47721E4F3A9300FCC0C5 /* Debug */,
				B75A47731E4F3A9300FCC0C5 /* Release */,
			);
			defaultConfigurationIsVisible = 0;
			defaultConfigurationName = Release;
		};
		B75A47741E4F3A9300FCC0C5 /* Build configuration list for PBXNativeTarget "gushici" */ = {
			isa = XCConfigurationList;
			buildConfigurations = (
				B75A47751E4F3A9300FCC0C5 /* Debug */,
				B75A47761E4F3A9300FCC0C5 /* Release */,
			);
			defaultConfigurationIsVisible = 0;
			defaultConfigurationName = Release;
		};
/* End XCConfigurationList section */
	};
	rootObject = B75A47551E4F3A9200FCC0C5 /* Project object */;
}
